// !$*UTF8*$!
{
	archiveVersion = 1;
	classes = {
	};
	objectVersion = 77;
	objects = {

/* Begin PBXBuildFile section */
		108639FE94380676BB5724CC /* FloricApp.swift in Sources */ = {isa = PBXBuildFile; fileRef = 09F9940E15947E74FF3EECDC /* FloricApp.swift */; };
		1730A3996D6D3D10F7F0FDD2 /* NowPlaying.swift in Sources */ = {isa = PBXBuildFile; fileRef = FF9E8186C29B584CB5E1ED2E /* NowPlaying.swift */; };
		2FA55B2D61207510B6AD42BA /* Lyrics.swift in Sources */ = {isa = PBXBuildFile; fileRef = 738DC9A427DCACCCA78C93D4 /* Lyrics.swift */; };
		3346497B9984FD75FBD63970 /* Assets.xcassets in Resources */ = {isa = PBXBuildFile; fileRef = 1853290EDED3FFB04F5F8432 /* Assets.xcassets */; };
		4DE00B56601CEDCA7BCBA57C /* LyricsCache.swift in Sources */ = {isa = PBXBuildFile; fileRef = 3DBEEC1D0436B931F17D6212 /* LyricsCache.swift */; };
		63AB58355F8E0B4392B9DB67 /* SpotifyMonitor.swift in Sources */ = {isa = PBXBuildFile; fileRef = 6B6E9552BE39CECB5BDCDF44 /* SpotifyMonitor.swift */; };
		887E027B6F8F09227B1A8C73 /* LyricsStore.swift in Sources */ = {isa = PBXBuildFile; fileRef = 1763C33665227A0ABABC2A40 /* LyricsStore.swift */; };
		AC4A77A2CB1A265C1EB34A9F /* LyricsService.swift in Sources */ = {isa = PBXBuildFile; fileRef = 8BF203A672DE2636379F500D /* LyricsService.swift */; };
		B23D490560F4C8E98F6E48E2 /* LRCParser.swift in Sources */ = {isa = PBXBuildFile; fileRef = D99E944F2511C3CFE982729C /* LRCParser.swift */; };
/* End PBXBuildFile section */

/* Begin PBXFileReference section */
		09F9940E15947E74FF3EECDC /* FloricApp.swift */ = {isa = PBXFileReference; lastKnownFileType = sourcecode.swift; path = FloricApp.swift; sourceTree = "<group>"; };
		1763C33665227A0ABABC2A40 /* LyricsStore.swift */ = {isa = PBXFileReference; lastKnownFileType = sourcecode.swift; path = LyricsStore.swift; sourceTree = "<group>"; };
		1853290EDED3FFB04F5F8432 /* Assets.xcassets */ = {isa = PBXFileReference; lastKnownFileType = folder.assetcatalog; path = Assets.xcassets; sourceTree = "<group>"; };
		3DBEEC1D0436B931F17D6212 /* LyricsCache.swift */ = {isa = PBXFileReference; lastKnownFileType = sourcecode.swift; path = LyricsCache.swift; sourceTree = "<group>"; };
		6B6E9552BE39CECB5BDCDF44 /* SpotifyMonitor.swift */ = {isa = PBXFileReference; lastKnownFileType = sourcecode.swift; path = SpotifyMonitor.swift; sourceTree = "<group>"; };
		738DC9A427DCACCCA78C93D4 /* Lyrics.swift */ = {isa = PBXFileReference; lastKnownFileType = sourcecode.swift; path = Lyrics.swift; sourceTree = "<group>"; };
		8BF203A672DE2636379F500D /* LyricsService.swift */ = {isa = PBXFileReference; lastKnownFileType = sourcecode.swift; path = LyricsService.swift; sourceTree = "<group>"; };
		99A35BD2D6C698AA3EBD7F7A /* Floric.app */ = {isa = PBXFileReference; explicitFileType = wrapper.application; includeInIndex = 0; path = Floric.app; sourceTree = BUILT_PRODUCTS_DIR; };
		D99E944F2511C3CFE982729C /* LRCParser.swift */ = {isa = PBXFileReference; lastKnownFileType = sourcecode.swift; path = LRCParser.swift; sourceTree = "<group>"; };
		FF9E8186C29B584CB5E1ED2E /* NowPlaying.swift */ = {isa = PBXFileReference; lastKnownFileType = sourcecode.swift; path = NowPlaying.swift; sourceTree = "<group>"; };
/* End PBXFileReference section */

/* Begin PBXGroup section */
		4AE690A933C7DCB8711E35F3 /* Lyrics */ = {
			isa = PBXGroup;
			children = (
				D99E944F2511C3CFE982729C /* LRCParser.swift */,
				738DC9A427DCACCCA78C93D4 /* Lyrics.swift */,
				3DBEEC1D0436B931F17D6212 /* LyricsCache.swift */,
				8BF203A672DE2636379F500D /* LyricsService.swift */,
				1763C33665227A0ABABC2A40 /* LyricsStore.swift */,
			);
			path = Lyrics;
			sourceTree = "<group>";
		};
		A3AA00FD03DCF832001EB6EC /* Products */ = {
			isa = PBXGroup;
			children = (
				99A35BD2D6C698AA3EBD7F7A /* Floric.app */,
			);
			name = Products;
			sourceTree = "<group>";
		};
		C36393A070DBB12F44F225EE /* Floric */ = {
			isa = PBXGroup;
			children = (
				1853290EDED3FFB04F5F8432 /* Assets.xcassets */,
				09F9940E15947E74FF3EECDC /* FloricApp.swift */,
				4AE690A933C7DCB8711E35F3 /* Lyrics */,
				F9048C3A0E4F391ED1751CB7 /* Spotify */,
			);
			path = Floric;
			sourceTree = "<group>";
		};
		C6AD1E375ACE56846F1DB05C = {
			isa = PBXGroup;
			children = (
				C36393A070DBB12F44F225EE /* Floric */,
				A3AA00FD03DCF832001EB6EC /* Products */,
			);
			sourceTree = "<group>";
		};
		F9048C3A0E4F391ED1751CB7 /* Spotify */ = {
			isa = PBXGroup;
			children = (
				FF9E8186C29B584CB5E1ED2E /* NowPlaying.swift */,
				6B6E9552BE39CECB5BDCDF44 /* SpotifyMonitor.swift */,
			);
			path = Spotify;
			sourceTree = "<group>";
		};
/* End PBXGroup section */

/* Begin PBXNativeTarget section */
		A7835E0A0B9ED2CA5C7A5281 /* Floric */ = {
			isa = PBXNativeTarget;
			buildConfigurationList = 5A6A41AA457C05E5FB8B4DDF /* Build configuration list for PBXNativeTarget "Floric" */;
			buildPhases = (
				8C749470F473045D828C284F /* Sources */,
				B531ED102022CE5928A1AAAD /* Resources */,
			);
			buildRules = (
			);
			dependencies = (
			);
			name = Floric;
			packageProductDependencies = (
			);
			productName = Floric;
			productReference = 99A35BD2D6C698AA3EBD7F7A /* Floric.app */;
			productType = "com.apple.product-type.application";
		};
/* End PBXNativeTarget section */

/* Begin PBXProject section */
		05E9A42783B51D68FA0F618D /* Project object */ = {
			isa = PBXProject;
			attributes = {
				BuildIndependentTargetsInParallel = YES;
				LastUpgradeCheck = 1430;
				TargetAttributes = {
					A7835E0A0B9ED2CA5C7A5281 = {
						DevelopmentTeam = "";
						ProvisioningStyle = Automatic;
					};
				};
			};
			buildConfigurationList = FA62EFCC2BBF82EF49D04D4E /* Build configuration list for PBXProject "Floric" */;
			developmentRegion = en;
			hasScannedForEncodings = 0;
			knownRegions = (
				Base,
				en,
			);
			mainGroup = C6AD1E375ACE56846F1DB05C;
			minimizedProjectReferenceProxies = 1;
			preferredProjectObjectVersion = 77;
			productRefGroup = A3AA00FD03DCF832001EB6EC /* Products */;
			projectDirPath = "";
			projectRoot = "";
			targets = (
				A7835E0A0B9ED2CA5C7A5281 /* Floric */,
			);
		};
/* End PBXProject section */

/* Begin PBXResourcesBuildPhase section */
		B531ED102022CE5928A1AAAD /* Resources */ = {
			isa = PBXResourcesBuildPhase;
			buildActionMask = 2147483647;
			files = (
				3346497B9984FD75FBD63970 /* Assets.xcassets in Resources */,
			);
			runOnlyForDeploymentPostprocessing = 0;
		};
/* End PBXResourcesBuildPhase section */

/* Begin PBXSourcesBuildPhase section */
		8C749470F473045D828C284F /* Sources */ = {
			isa = PBXSourcesBuildPhase;
			buildActionMask = 2147483647;
			files = (
				108639FE94380676BB5724CC /* FloricApp.swift in Sources */,
				B23D490560F4C8E98F6E48E2 /* LRCParser.swift in Sources */,
				2FA55B2D61207510B6AD42BA /* Lyrics.swift in Sources */,
				4DE00B56601CEDCA7BCBA57C /* LyricsCache.swift in Sources */,
				AC4A77A2CB1A265C1EB34A9F /* LyricsService.swift in Sources */,
				887E027B6F8F09227B1A8C73 /* LyricsStore.swift in Sources */,
				1730A3996D6D3D10F7F0FDD2 /* NowPlaying.swift in Sources */,
				63AB58355F8E0B4392B9DB67 /* SpotifyMonitor.swift in Sources */,
			);
			runOnlyForDeploymentPostprocessing = 0;
		};
/* End PBXSourcesBuildPhase section */

/* Begin XCBuildConfiguration section */
		0FC8472A0EC5E0A1D2D4A6B9 /* Debug */ = {
			isa = XCBuildConfiguration;
			buildSettings = {
				ALWAYS_SEARCH_USER_PATHS = NO;
				CLANG_ANALYZER_NONNULL = YES;
				CLANG_ANALYZER_NUMBER_OBJECT_CONVERSION = YES_AGGRESSIVE;
				CLANG_CXX_LANGUAGE_STANDARD = "gnu++14";
				CLANG_CXX_LIBRARY = "libc++";
				CLANG_ENABLE_MODULES = YES;
				CLANG_ENABLE_OBJC_ARC = YES;
				CLANG_ENABLE_OBJC_WEAK = YES;
				CLANG_WARN_BLOCK_CAPTURE_AUTORELEASING = YES;
				CLANG_WARN_BOOL_CONVERSION = YES;
				CLANG_WARN_COMMA = YES;
				CLANG_WARN_CONSTANT_CONVERSION = YES;
				CLANG_WARN_DEPRECATED_OBJC_IMPLEMENTATIONS = YES;
				CLANG_WARN_DIRECT_OBJC_ISA_USAGE = YES_ERROR;
				CLANG_WARN_DOCUMENTATION_COMMENTS = YES;
				CLANG_WARN_EMPTY_BODY = YES;
				CLANG_WARN_ENUM_CONVERSION = YES;
				CLANG_WARN_INFINITE_RECURSION = YES;
				CLANG_WARN_INT_CONVERSION = YES;
				CLANG_WARN_NON_LITERAL_NULL_CONVERSION = YES;
				CLANG_WARN_OBJC_IMPLICIT_RETAIN_SELF = YES;
				CLANG_WARN_OBJC_LITERAL_CONVERSION = YES;
				CLANG_WARN_OBJC_ROOT_CLASS = YES_ERROR;
				CLANG_WARN_QUOTED_INCLUDE_IN_FRAMEWORK_HEADER = YES;
				CLANG_WARN_RANGE_LOOP_ANALYSIS = YES;
				CLANG_WARN_STRICT_PROTOTYPES = YES;
				CLANG_WARN_SUSPICIOUS_MOVE = YES;
				CLANG_WARN_UNGUARDED_AVAILABILITY = YES_AGGRESSIVE;
				CLANG_WARN_UNREACHABLE_CODE = YES;
				CLANG_WARN__DUPLICATE_METHOD_MATCH = YES;
				CODE_SIGN_IDENTITY = "-";
				CODE_SIGN_STYLE = Automatic;
				COPY_PHASE_STRIP = NO;
				CURRENT_PROJECT_VERSION = 1;
				DEBUG_INFORMATION_FORMAT = dwarf;
				DEVELOPMENT_TEAM = "";
				ENABLE_STRICT_OBJC_MSGSEND = YES;
				ENABLE_TESTABILITY = YES;
				GCC_C_LANGUAGE_STANDARD = gnu11;
				GCC_DYNAMIC_NO_PIC = NO;
				GCC_NO_COMMON_BLOCKS = YES;
				GCC_OPTIMIZATION_LEVEL = 0;
				GCC_PREPROCESSOR_DEFINITIONS = (
					"$(inherited)",
					"DEBUG=1",
				);
				GCC_TREAT_WARNINGS_AS_ERRORS = NO;
				GCC_WARN_64_TO_32_BIT_CONVERSION = YES;
				GCC_WARN_ABOUT_RETURN_TYPE = YES_ERROR;
				GCC_WARN_UNDECLARED_SELECTOR = YES;
				GCC_WARN_UNINITIALIZED_AUTOS = YES_AGGRESSIVE;
				GCC_WARN_UNUSED_FUNCTION = YES;
				GCC_WARN_UNUSED_VARIABLE = YES;
				MACOSX_DEPLOYMENT_TARGET = 14.0;
				MARKETING_VERSION = 0.1.0;
				MTL_ENABLE_DEBUG_INFO = INCLUDE_SOURCE;
				MTL_FAST_MATH = YES;
				ONLY_ACTIVE_ARCH = YES;
				PRODUCT_NAME = "$(TARGET_NAME)";
				SDKROOT = macosx;
				SWIFT_ACTIVE_COMPILATION_CONDITIONS = DEBUG;
				SWIFT_OPTIMIZATION_LEVEL = "-Onone";
				SWIFT_TREAT_WARNINGS_AS_ERRORS = NO;
				SWIFT_VERSION = 5.9;
			};
			name = Debug;
		};
		42508A61E46A61C59309E8F1 /* Debug */ = {
			isa = XCBuildConfiguration;
			buildSettings = {
				ASSETCATALOG_COMPILER_APPICON_NAME = AppIcon;
				COMBINE_HIDPI_IMAGES = YES;
				ENABLE_HARDENED_RUNTIME = YES;
				GENERATE_INFOPLIST_FILE = YES;
				INFOPLIST_KEY_CFBundleDisplayName = Floric;
				INFOPLIST_KEY_LSUIElement = YES;
				INFOPLIST_KEY_NSAppleEventsUsageDescription = "Floric reads the current Spotify track so it can display matching lyrics.";
				INFOPLIST_KEY_NSHumanReadableCopyright = "Copyright © 2026";
				LD_RUNPATH_SEARCH_PATHS = (
					"$(inherited)",
					"@executable_path/../Frameworks",
				);
				MACOSX_DEPLOYMENT_TARGET = 14.0;
				PRODUCT_BUNDLE_IDENTIFIER = co.sultans.floric;
				PRODUCT_NAME = Floric;
				SDKROOT = macosx;
			};
			name = Debug;
		};
		61C32D265541CE7542914A3E /* Release */ = {
			isa = XCBuildConfiguration;
			buildSettings = {
				ASSETCATALOG_COMPILER_APPICON_NAME = AppIcon;
				COMBINE_HIDPI_IMAGES = YES;
				ENABLE_HARDENED_RUNTIME = YES;
				GENERATE_INFOPLIST_FILE = YES;
				INFOPLIST_KEY_CFBundleDisplayName = Floric;
				INFOPLIST_KEY_LSUIElement = YES;
				INFOPLIST_KEY_NSAppleEventsUsageDescription = "Floric reads the current Spotify track so it can display matching lyrics.";
				INFOPLIST_KEY_NSHumanReadableCopyright = "Copyright © 2026";
				LD_RUNPATH_SEARCH_PATHS = (
					"$(inherited)",
					"@executable_path/../Frameworks",
				);
				MACOSX_DEPLOYMENT_TARGET = 14.0;
				PRODUCT_BUNDLE_IDENTIFIER = co.sultans.floric;
				PRODUCT_NAME = Floric;
				SDKROOT = macosx;
			};
			name = Release;
		};
		AEED0D1D9599613C05A36283 /* Release */ = {
			isa = XCBuildConfiguration;
			buildSettings = {
				ALWAYS_SEARCH_USER_PATHS = NO;
				CLANG_ANALYZER_NONNULL = YES;
				CLANG_ANALYZER_NUMBER_OBJECT_CONVERSION = YES_AGGRESSIVE;
				CLANG_CXX_LANGUAGE_STANDARD = "gnu++14";
				CLANG_CXX_LIBRARY = "libc++";
				CLANG_ENABLE_MODULES = YES;
				CLANG_ENABLE_OBJC_ARC = YES;
				CLANG_ENABLE_OBJC_WEAK = YES;
				CLANG_WARN_BLOCK_CAPTURE_AUTORELEASING = YES;
				CLANG_WARN_BOOL_CONVERSION = YES;
				CLANG_WARN_COMMA = YES;
				CLANG_WARN_CONSTANT_CONVERSION = YES;
				CLANG_WARN_DEPRECATED_OBJC_IMPLEMENTATIONS = YES;
				CLANG_WARN_DIRECT_OBJC_ISA_USAGE = YES_ERROR;
				CLANG_WARN_DOCUMENTATION_COMMENTS = YES;
				CLANG_WARN_EMPTY_BODY = YES;
				CLANG_WARN_ENUM_CONVERSION = YES;
				CLANG_WARN_INFINITE_RECURSION = YES;
				CLANG_WARN_INT_CONVERSION = YES;
				CLANG_WARN_NON_LITERAL_NULL_CONVERSION = YES;
				CLANG_WARN_OBJC_IMPLICIT_RETAIN_SELF = YES;
				CLANG_WARN_OBJC_LITERAL_CONVERSION = YES;
				CLANG_WARN_OBJC_ROOT_CLASS = YES_ERROR;
				CLANG_WARN_QUOTED_INCLUDE_IN_FRAMEWORK_HEADER = YES;
				CLANG_WARN_RANGE_LOOP_ANALYSIS = YES;
				CLANG_WARN_STRICT_PROTOTYPES = YES;
				CLANG_WARN_SUSPICIOUS_MOVE = YES;
				CLANG_WARN_UNGUARDED_AVAILABILITY = YES_AGGRESSIVE;
				CLANG_WARN_UNREACHABLE_CODE = YES;
				CLANG_WARN__DUPLICATE_METHOD_MATCH = YES;
				CODE_SIGN_IDENTITY = "-";
				CODE_SIGN_STYLE = Automatic;
				COPY_PHASE_STRIP = NO;
				CURRENT_PROJECT_VERSION = 1;
				DEBUG_INFORMATION_FORMAT = "dwarf-with-dsym";
				DEVELOPMENT_TEAM = "";
				ENABLE_NS_ASSERTIONS = NO;
				ENABLE_STRICT_OBJC_MSGSEND = YES;
				GCC_C_LANGUAGE_STANDARD = gnu11;
				GCC_NO_COMMON_BLOCKS = YES;
				GCC_TREAT_WARNINGS_AS_ERRORS = NO;
				GCC_WARN_64_TO_32_BIT_CONVERSION = YES;
				GCC_WARN_ABOUT_RETURN_TYPE = YES_ERROR;
				GCC_WARN_UNDECLARED_SELECTOR = YES;
				GCC_WARN_UNINITIALIZED_AUTOS = YES_AGGRESSIVE;
				GCC_WARN_UNUSED_FUNCTION = YES;
				GCC_WARN_UNUSED_VARIABLE = YES;
				MACOSX_DEPLOYMENT_TARGET = 14.0;
				MARKETING_VERSION = 0.1.0;
				MTL_ENABLE_DEBUG_INFO = NO;
				MTL_FAST_MATH = YES;
				PRODUCT_NAME = "$(TARGET_NAME)";
				SDKROOT = macosx;
				SWIFT_COMPILATION_MODE = wholemodule;
				SWIFT_OPTIMIZATION_LEVEL = "-O";
				SWIFT_TREAT_WARNINGS_AS_ERRORS = NO;
				SWIFT_VERSION = 5.9;
			};
			name = Release;
		};
/* End XCBuildConfiguration section */

/* Begin XCConfigurationList section */
		5A6A41AA457C05E5FB8B4DDF /* Build configuration list for PBXNativeTarget "Floric" */ = {
			isa = XCConfigurationList;
			buildConfigurations = (
				42508A61E46A61C59309E8F1 /* Debug */,
				61C32D265541CE7542914A3E /* Release */,
			);
			defaultConfigurationIsVisible = 0;
			defaultConfigurationName = Debug;
		};
		FA62EFCC2BBF82EF49D04D4E /* Build configuration list for PBXProject "Floric" */ = {
			isa = XCConfigurationList;
			buildConfigurations = (
				0FC8472A0EC5E0A1D2D4A6B9 /* Debug */,
				AEED0D1D9599613C05A36283 /* Release */,
			);
			defaultConfigurationIsVisible = 0;
			defaultConfigurationName = Debug;
		};
/* End XCConfigurationList section */
	};
	rootObject = 05E9A42783B51D68FA0F618D /* Project object */;
}
