// !$*UTF8*$!
{
	archiveVersion = 1;
	classes = {
	};
	objectVersion = 77;
	objects = {

/* Begin PBXBuildFile section */
		00F02305D8B4E274AC00C080 /* test_pillCapsule_dark_glass_medium.1.png in Resources */ = {isa = PBXBuildFile; fileRef = 90E0B63645FB05CA62D8C417 /* test_pillCapsule_dark_glass_medium.1.png */; };
		01E3582204682303609BD096 /* test_menuBarPanel_light_emptyState.1.png in Resources */ = {isa = PBXBuildFile; fileRef = 663B7BB7FBD972AF38E61021 /* test_menuBarPanel_light_emptyState.1.png */; };
		0522AC18EE6F6B443902D4D7 /* SpotifyPermission.swift in Sources */ = {isa = PBXBuildFile; fileRef = 693106C5C78806AFE48E56BB /* SpotifyPermission.swift */; };
		0C26DBCADE89CF0860AE268F /* OnboardingView.swift in Sources */ = {isa = PBXBuildFile; fileRef = CE199C1302F0C8D534B641DE /* OnboardingView.swift */; };
		0DE3450364AE995BF17D2511 /* PillCapsuleShadowLeakTests.swift in Sources */ = {isa = PBXBuildFile; fileRef = BFB4B53028BF3D673354014E /* PillCapsuleShadowLeakTests.swift */; };
		1181D71920125E757F7D4DAB /* CantioApp.swift in Sources */ = {isa = PBXBuildFile; fileRef = 30905A5F0B92B181340F9ECE /* CantioApp.swift */; };
		1B558CD9511712B1F4F3A5E8 /* SnapshotTesting in Frameworks */ = {isa = PBXBuildFile; productRef = 5E9402E43F51986C7CBF16D2 /* SnapshotTesting */; };
		1BF0F1D830F32F6570DBA3F2 /* test_pillCapsule_dark_glass_long.1.png in Resources */ = {isa = PBXBuildFile; fileRef = BA2533CA3A1F740C73221B75 /* test_pillCapsule_dark_glass_long.1.png */; };
		1C6C1CC0FDBAAE949ACC7C3B /* UpdateController.swift in Sources */ = {isa = PBXBuildFile; fileRef = 9C5346874BDA178768DABF1C /* UpdateController.swift */; };
		1D79E46CD61057196B139FEE /* LyricsContentView.swift in Sources */ = {isa = PBXBuildFile; fileRef = F1379A0E8EB46E094C88BBD1 /* LyricsContentView.swift */; };
		220603173774617CE0DE0F91 /* test_pillCapsule_dark_solid_short.1.png in Resources */ = {isa = PBXBuildFile; fileRef = 261F72531D53B82254FBDA52 /* test_pillCapsule_dark_solid_short.1.png */; };
		2499EA4295DDCC5DFF8CAC08 /* FlowLayoutTests.swift in Sources */ = {isa = PBXBuildFile; fileRef = 2B28A280F4136338D7213B4D /* FlowLayoutTests.swift */; };
		28250D0B7D563C754B6D8530 /* Sparkle in Frameworks */ = {isa = PBXBuildFile; productRef = 27E2BB96C752682A3C9F5F5C /* Sparkle */; };
		2F6ADF36C45AD253CAA08FC2 /* GlassStyleMigrationTests.swift in Sources */ = {isa = PBXBuildFile; fileRef = 5044BBAAFC38966233674A8C /* GlassStyleMigrationTests.swift */; };
		359ABAA22BEF39EB94D43063 /* ArtworkColors.swift in Sources */ = {isa = PBXBuildFile; fileRef = 90C4D1900DC3E0C1EA2F5A57 /* ArtworkColors.swift */; };
		443D2893DFF64CBD1FEC22D5 /* test_pillCapsule_light_solid_short.1.png in Resources */ = {isa = PBXBuildFile; fileRef = 9A58AB2201E45D4F261D382E /* test_pillCapsule_light_solid_short.1.png */; };
		4957EFA1C345C52B67AE63E5 /* SettingsActivatorTests.swift in Sources */ = {isa = PBXBuildFile; fileRef = B9CD2020E38A872ED054A0EA /* SettingsActivatorTests.swift */; };
		4AFD6D288F440A33210F6662 /* Tokens.swift in Sources */ = {isa = PBXBuildFile; fileRef = 233EB18CF49FDA76C7A09417 /* Tokens.swift */; };
		4B5D48036F77B4B84DF38E92 /* MenuBarPanel.swift in Sources */ = {isa = PBXBuildFile; fileRef = 56C8668D27EF4BC6DA0D886C /* MenuBarPanel.swift */; };
		4BF39E336F97F0BA935A8EF6 /* NowPlaying.swift in Sources */ = {isa = PBXBuildFile; fileRef = 6B967254DE8FEC7C77E3424A /* NowPlaying.swift */; };
		507F286E69F42B0784EFFDA6 /* test_lyricsContent_floating_glass_dark.1.png in Resources */ = {isa = PBXBuildFile; fileRef = DFBCDB26D43DC7832F2FAADE /* test_lyricsContent_floating_glass_dark.1.png */; };
		5219B8E712185144DD77F0FA /* HotKeyRecorder.swift in Sources */ = {isa = PBXBuildFile; fileRef = 96CA78C08E49C668D0AAF8E6 /* HotKeyRecorder.swift */; };
		5348738A3CD123BD787C470B /* MenuBarPanelSnapshotTests.swift in Sources */ = {isa = PBXBuildFile; fileRef = A1BB12B799FD48F04D74C881 /* MenuBarPanelSnapshotTests.swift */; };
		5509E6C84853C27E9DB26D14 /* HotKeyManager.swift in Sources */ = {isa = PBXBuildFile; fileRef = A2C4C452508C81798332C029 /* HotKeyManager.swift */; };
		5FE0312B65529202F0445ACB /* OnboardingController.swift in Sources */ = {isa = PBXBuildFile; fileRef = 56EDC07A6B29FCB5ADFEC23C /* OnboardingController.swift */; };
		61EB49AEA6F72ADEE585F174 /* EffectiveClickThroughTests.swift in Sources */ = {isa = PBXBuildFile; fileRef = DAAAFE72ADAE71B25BE909CB /* EffectiveClickThroughTests.swift */; };
		68B438F35EE6A9F76C850254 /* OnboardingChime.swift in Sources */ = {isa = PBXBuildFile; fileRef = 52928EF2746437928B4E3A84 /* OnboardingChime.swift */; };
		7225EF353D7B33E643A92D63 /* PlaybackControlTests.swift in Sources */ = {isa = PBXBuildFile; fileRef = 20AB587C551993227203AFA8 /* PlaybackControlTests.swift */; };
		74E616C9F174B49E9387B907 /* StatusBarPopover.swift in Sources */ = {isa = PBXBuildFile; fileRef = 8FD127A703C4B9D4D3F5F5BA /* StatusBarPopover.swift */; };
		7CBB780A66A59EAA5052C977 /* DragSnap.swift in Sources */ = {isa = PBXBuildFile; fileRef = 510997F9A9D7408B13E7CE65 /* DragSnap.swift */; };
		7D6BD67A11440BEF07B983D8 /* DragGuideOverlay.swift in Sources */ = {isa = PBXBuildFile; fileRef = 3451D5B1F6B92328C0314089 /* DragGuideOverlay.swift */; };
		7DAEC7FB95DD4C845587A75D /* Preferences.swift in Sources */ = {isa = PBXBuildFile; fileRef = E579E17106FC84372F1B77C2 /* Preferences.swift */; };
		7DDE4D1EE9C4C7B5C498D5B5 /* Assets.xcassets in Resources */ = {isa = PBXBuildFile; fileRef = 3F89CBEDD806349666D91C5E /* Assets.xcassets */; };
		807C7752C6D76CF38F6565EB /* LyricsServiceTests.swift in Sources */ = {isa = PBXBuildFile; fileRef = C0FDD7532C3AB94828C480DD /* LyricsServiceTests.swift */; };
		8095FCFAD19E4C24361A6EAE /* SpotifyParserTests.swift in Sources */ = {isa = PBXBuildFile; fileRef = 03437EB8F0E2ECB0968996AA /* SpotifyParserTests.swift */; };
		83514AB4B1353B509F52ACFC /* test_pillCapsule_light_glass_long.1.png in Resources */ = {isa = PBXBuildFile; fileRef = BF4C54DBD97926430DCE00C3 /* test_pillCapsule_light_glass_long.1.png */; };
		842EA36FFAAC65A6DFAA76DB /* test_pillCapsule_light_glass_short.1.png in Resources */ = {isa = PBXBuildFile; fileRef = FA5D4AD943CED971601B0C5E /* test_pillCapsule_light_glass_short.1.png */; };
		8F98BC35EADBEDDDCC2EB015 /* test_pillCapsule_dark_solid_medium.1.png in Resources */ = {isa = PBXBuildFile; fileRef = E1A2F03900657E7EDD8E08D7 /* test_pillCapsule_dark_solid_medium.1.png */; };
		92F225108C1CC65E91A6282F /* ExtrapolatePositionTests.swift in Sources */ = {isa = PBXBuildFile; fileRef = E62AD1262757FF1DA812D59D /* ExtrapolatePositionTests.swift */; };
		954897FE30F0DDA3D0D945E4 /* OnboardingSplashView.swift in Sources */ = {isa = PBXBuildFile; fileRef = 7FD21251A8E5D1D499E4A938 /* OnboardingSplashView.swift */; };
		997FCFB5B61D3B651BCF8C9B /* test_pillCapsule_light_glass.1.png in Resources */ = {isa = PBXBuildFile; fileRef = A9950B6E3DC5BB6AC664B798 /* test_pillCapsule_light_glass.1.png */; };
		9FE0818D227CF6D34B551903 /* Lyrics.swift in Sources */ = {isa = PBXBuildFile; fileRef = 651091B40402074B91276B83 /* Lyrics.swift */; };
		A19096088693DC802B38B94B /* LyricsCache.swift in Sources */ = {isa = PBXBuildFile; fileRef = 89E33CC1DC0EA12D3DB8BEDF /* LyricsCache.swift */; };
		A30400311BD26D3A7334CCED /* LyricsStoreTests.swift in Sources */ = {isa = PBXBuildFile; fileRef = 4197DE66DC571B8A0C7B515E /* LyricsStoreTests.swift */; };
		A73B8A790EBEDEBD817C06D8 /* test_pillCapsule_dark_glass_short.1.png in Resources */ = {isa = PBXBuildFile; fileRef = C1E3DA72098CD5BBB461A24E /* test_pillCapsule_dark_glass_short.1.png */; };
		A7580AE165823CC0BBFD3B4E /* FontSizeTests.swift in Sources */ = {isa = PBXBuildFile; fileRef = 7EB6ABB76F505FE000D47551 /* FontSizeTests.swift */; };
		AD55BDF99B04C6FA43576359 /* LyricsService.swift in Sources */ = {isa = PBXBuildFile; fileRef = 64EB3C3766E2F6AAA8CE5153 /* LyricsService.swift */; };
		B4FDDBF52CD016919A473E0A /* PreferencesMigrationTests.swift in Sources */ = {isa = PBXBuildFile; fileRef = A3CD95E68B8DE520BC3F1BB3 /* PreferencesMigrationTests.swift */; };
		B6DBF628B75692F55999642F /* CantioTests.swift in Sources */ = {isa = PBXBuildFile; fileRef = E610A8955D35A2827C8431AB /* CantioTests.swift */; };
		BB2D631EF9E172E764BE5CA9 /* test_menuBarPanel_dark_emptyState.1.png in Resources */ = {isa = PBXBuildFile; fileRef = 37CBBACE23FA18EC8A32ABC8 /* test_menuBarPanel_dark_emptyState.1.png */; };
		BC80E78A3BC919F96CCD6907 /* FloatingLyricsWindow.swift in Sources */ = {isa = PBXBuildFile; fileRef = B39930314D2B34C30C6170E1 /* FloatingLyricsWindow.swift */; };
		BDDDBD7D5E9DAD123CA4DFE9 /* test_pillCapsule_light_solid_long.1.png in Resources */ = {isa = PBXBuildFile; fileRef = 6519EA4C37C278016EA6BCC7 /* test_pillCapsule_light_solid_long.1.png */; };
		BEA45A4FEBC599794E2C5CCE /* DragSnapTests.swift in Sources */ = {isa = PBXBuildFile; fileRef = D402F04CDF4DB488F45EA588 /* DragSnapTests.swift */; };
		C024226EADE2A78A45E316E7 /* test_pillCapsule_dark_solid_long.1.png in Resources */ = {isa = PBXBuildFile; fileRef = B6FF56B195F179F93FCB6AFC /* test_pillCapsule_dark_solid_long.1.png */; };
		C4C4C42F3197D18DA0DDF7B9 /* LyricLineActiveIndexTests.swift in Sources */ = {isa = PBXBuildFile; fileRef = 263CE71371AD95664EB3B536 /* LyricLineActiveIndexTests.swift */; };
		C4CF7A8AF84E56C765F2F176 /* CantioIcon.swift in Sources */ = {isa = PBXBuildFile; fileRef = 2F0CA4C8831AD4FFBC5E2A62 /* CantioIcon.swift */; };
		C888F45338EAE13D99682909 /* test_pillCapsule_dark_glass.1.png in Resources */ = {isa = PBXBuildFile; fileRef = 4B3D0E7A60F167BCBFE39891 /* test_pillCapsule_dark_glass.1.png */; };
		CCAC74653FCCBD56688DBD4B /* PreferencesView.swift in Sources */ = {isa = PBXBuildFile; fileRef = 43BFFF836FE0484A660FA4E0 /* PreferencesView.swift */; };
		D60F8A95F7647BF2B5668D70 /* test_pillCapsule_light_solid_medium.1.png in Resources */ = {isa = PBXBuildFile; fileRef = 13F1693911AACC9EC2CD1EE0 /* test_pillCapsule_light_solid_medium.1.png */; };
		D61C7C187B64F8752947CC29 /* LyricsContentViewSnapshotTests.swift in Sources */ = {isa = PBXBuildFile; fileRef = F07FED1F423916B57F9900D6 /* LyricsContentViewSnapshotTests.swift */; };
		D627547BB4621A59424C4B99 /* SpotifyMonitor.swift in Sources */ = {isa = PBXBuildFile; fileRef = 87EFAB8BAAC09B5E3C0A5D0D /* SpotifyMonitor.swift */; };
		DABFC8F85C83AB659793DF21 /* HotKey.swift in Sources */ = {isa = PBXBuildFile; fileRef = 596525E6F5D61D14AB50B0DB /* HotKey.swift */; };
		DD16AA0C38494BE85300263C /* test_pillCapsule_dark_solid.1.png in Resources */ = {isa = PBXBuildFile; fileRef = 529B3DE95D32DAA6D46BACB9 /* test_pillCapsule_dark_solid.1.png */; };
		DF9AA2CF29258E4285BD5DF0 /* test_pillCapsule_light_glass_medium.1.png in Resources */ = {isa = PBXBuildFile; fileRef = 9783CBDCD3B9EB9C3B66EA18 /* test_pillCapsule_light_glass_medium.1.png */; };
		E0C526403CB82BBD9115651E /* LRCParserTests.swift in Sources */ = {isa = PBXBuildFile; fileRef = C34F0B4FF65B471FC65E399A /* LRCParserTests.swift */; };
		E1704C29016F00F730466453 /* PillCapsuleSnapshotTests.swift in Sources */ = {isa = PBXBuildFile; fileRef = 052A5DD25D8346BD9C95F9F4 /* PillCapsuleSnapshotTests.swift */; };
		E265A2A23972756C81863292 /* test_pillCapsule_dark_glass_inactive.1.png in Resources */ = {isa = PBXBuildFile; fileRef = D16748A263A3A0DE25DF9D76 /* test_pillCapsule_dark_glass_inactive.1.png */; };
		E5436D5E061DF8B958001EBB /* LyricsStore.swift in Sources */ = {isa = PBXBuildFile; fileRef = 1CD541FCA67751FE684D82D7 /* LyricsStore.swift */; };
		EAFD43AAE84A2DA22EC2EA9C /* LRCParser.swift in Sources */ = {isa = PBXBuildFile; fileRef = 0C539CBDD3FED940F96743E8 /* LRCParser.swift */; };
		EB08F60655053FE3B0EAA5CE /* HotKeyTests.swift in Sources */ = {isa = PBXBuildFile; fileRef = D55FC405C87FE28D29340AD8 /* HotKeyTests.swift */; };
		F5F76409DB554A77C2EF3C53 /* LyricsCacheTests.swift in Sources */ = {isa = PBXBuildFile; fileRef = B188448D6AA7F67774A78804 /* LyricsCacheTests.swift */; };
		F7CF45C7A05E310F2F9FB70D /* FloatingLyricsController.swift in Sources */ = {isa = PBXBuildFile; fileRef = D4FA1E40894B81CDC6B7AADB /* FloatingLyricsController.swift */; };
		F984EABDE6B9F25E5E2ACE82 /* LyricPositionTests.swift in Sources */ = {isa = PBXBuildFile; fileRef = C83794AC56CD0BBE70301EA1 /* LyricPositionTests.swift */; };
/* End PBXBuildFile section */

/* Begin PBXContainerItemProxy section */
		11887D3258E03546E5952C55 /* PBXContainerItemProxy */ = {
			isa = PBXContainerItemProxy;
			containerPortal = 282B7E45947AA8CE539D0259 /* Project object */;
			proxyType = 1;
			remoteGlobalIDString = DEE07AF9531E290E9D89D863;
			remoteInfo = Cantio;
		};
/* End PBXContainerItemProxy section */

/* Begin PBXFileReference section */
		0079C8DEB5134720A29DB0C3 /* CantioTests.xctest */ = {isa = PBXFileReference; explicitFileType = wrapper.cfbundle; includeInIndex = 0; path = CantioTests.xctest; sourceTree = BUILT_PRODUCTS_DIR; };
		03437EB8F0E2ECB0968996AA /* SpotifyParserTests.swift */ = {isa = PBXFileReference; lastKnownFileType = sourcecode.swift; path = SpotifyParserTests.swift; sourceTree = "<group>"; };
		052A5DD25D8346BD9C95F9F4 /* PillCapsuleSnapshotTests.swift */ = {isa = PBXFileReference; lastKnownFileType = sourcecode.swift; path = PillCapsuleSnapshotTests.swift; sourceTree = "<group>"; };
		0C539CBDD3FED940F96743E8 /* LRCParser.swift */ = {isa = PBXFileReference; lastKnownFileType = sourcecode.swift; path = LRCParser.swift; sourceTree = "<group>"; };
		0F3D81C2B989C9E5E448394C /* Cantio.app */ = {isa = PBXFileReference; explicitFileType = wrapper.application; includeInIndex = 0; path = Cantio.app; sourceTree = BUILT_PRODUCTS_DIR; };
		13F1693911AACC9EC2CD1EE0 /* test_pillCapsule_light_solid_medium.1.png */ = {isa = PBXFileReference; lastKnownFileType = image.png; path = test_pillCapsule_light_solid_medium.1.png; sourceTree = "<group>"; };
		1CD541FCA67751FE684D82D7 /* LyricsStore.swift */ = {isa = PBXFileReference; lastKnownFileType = sourcecode.swift; path = LyricsStore.swift; sourceTree = "<group>"; };
		20AB587C551993227203AFA8 /* PlaybackControlTests.swift */ = {isa = PBXFileReference; lastKnownFileType = sourcecode.swift; path = PlaybackControlTests.swift; sourceTree = "<group>"; };
		233EB18CF49FDA76C7A09417 /* Tokens.swift */ = {isa = PBXFileReference; lastKnownFileType = sourcecode.swift; path = Tokens.swift; sourceTree = "<group>"; };
		261F72531D53B82254FBDA52 /* test_pillCapsule_dark_solid_short.1.png */ = {isa = PBXFileReference; lastKnownFileType = image.png; path = test_pillCapsule_dark_solid_short.1.png; sourceTree = "<group>"; };
		263CE71371AD95664EB3B536 /* LyricLineActiveIndexTests.swift */ = {isa = PBXFileReference; lastKnownFileType = sourcecode.swift; path = LyricLineActiveIndexTests.swift; sourceTree = "<group>"; };
		2B28A280F4136338D7213B4D /* FlowLayoutTests.swift */ = {isa = PBXFileReference; lastKnownFileType = sourcecode.swift; path = FlowLayoutTests.swift; sourceTree = "<group>"; };
		2F0CA4C8831AD4FFBC5E2A62 /* CantioIcon.swift */ = {isa = PBXFileReference; lastKnownFileType = sourcecode.swift; path = CantioIcon.swift; sourceTree = "<group>"; };
		30905A5F0B92B181340F9ECE /* CantioApp.swift */ = {isa = PBXFileReference; lastKnownFileType = sourcecode.swift; path = CantioApp.swift; sourceTree = "<group>"; };
		3451D5B1F6B92328C0314089 /* DragGuideOverlay.swift */ = {isa = PBXFileReference; lastKnownFileType = sourcecode.swift; path = DragGuideOverlay.swift; sourceTree = "<group>"; };
		37CBBACE23FA18EC8A32ABC8 /* test_menuBarPanel_dark_emptyState.1.png */ = {isa = PBXFileReference; lastKnownFileType = image.png; path = test_menuBarPanel_dark_emptyState.1.png; sourceTree = "<group>"; };
		3F89CBEDD806349666D91C5E /* Assets.xcassets */ = {isa = PBXFileReference; lastKnownFileType = folder.assetcatalog; path = Assets.xcassets; sourceTree = "<group>"; };
		4197DE66DC571B8A0C7B515E /* LyricsStoreTests.swift */ = {isa = PBXFileReference; lastKnownFileType = sourcecode.swift; path = LyricsStoreTests.swift; sourceTree = "<group>"; };
		43BFFF836FE0484A660FA4E0 /* PreferencesView.swift */ = {isa = PBXFileReference; lastKnownFileType = sourcecode.swift; path = PreferencesView.swift; sourceTree = "<group>"; };
		4B3D0E7A60F167BCBFE39891 /* test_pillCapsule_dark_glass.1.png */ = {isa = PBXFileReference; lastKnownFileType = image.png; path = test_pillCapsule_dark_glass.1.png; sourceTree = "<group>"; };
		5044BBAAFC38966233674A8C /* GlassStyleMigrationTests.swift */ = {isa = PBXFileReference; lastKnownFileType = sourcecode.swift; path = GlassStyleMigrationTests.swift; sourceTree = "<group>"; };
		510997F9A9D7408B13E7CE65 /* DragSnap.swift */ = {isa = PBXFileReference; lastKnownFileType = sourcecode.swift; path = DragSnap.swift; sourceTree = "<group>"; };
		52928EF2746437928B4E3A84 /* OnboardingChime.swift */ = {isa = PBXFileReference; lastKnownFileType = sourcecode.swift; path = OnboardingChime.swift; sourceTree = "<group>"; };
		529B3DE95D32DAA6D46BACB9 /* test_pillCapsule_dark_solid.1.png */ = {isa = PBXFileReference; lastKnownFileType = image.png; path = test_pillCapsule_dark_solid.1.png; sourceTree = "<group>"; };
		56C8668D27EF4BC6DA0D886C /* MenuBarPanel.swift */ = {isa = PBXFileReference; lastKnownFileType = sourcecode.swift; path = MenuBarPanel.swift; sourceTree = "<group>"; };
		56EDC07A6B29FCB5ADFEC23C /* OnboardingController.swift */ = {isa = PBXFileReference; lastKnownFileType = sourcecode.swift; path = OnboardingController.swift; sourceTree = "<group>"; };
		596525E6F5D61D14AB50B0DB /* HotKey.swift */ = {isa = PBXFileReference; lastKnownFileType = sourcecode.swift; path = HotKey.swift; sourceTree = "<group>"; };
		64EB3C3766E2F6AAA8CE5153 /* LyricsService.swift */ = {isa = PBXFileReference; lastKnownFileType = sourcecode.swift; path = LyricsService.swift; sourceTree = "<group>"; };
		651091B40402074B91276B83 /* Lyrics.swift */ = {isa = PBXFileReference; lastKnownFileType = sourcecode.swift; path = Lyrics.swift; sourceTree = "<group>"; };
		6519EA4C37C278016EA6BCC7 /* test_pillCapsule_light_solid_long.1.png */ = {isa = PBXFileReference; lastKnownFileType = image.png; path = test_pillCapsule_light_solid_long.1.png; sourceTree = "<group>"; };
		663B7BB7FBD972AF38E61021 /* test_menuBarPanel_light_emptyState.1.png */ = {isa = PBXFileReference; lastKnownFileType = image.png; path = test_menuBarPanel_light_emptyState.1.png; sourceTree = "<group>"; };
		693106C5C78806AFE48E56BB /* SpotifyPermission.swift */ = {isa = PBXFileReference; lastKnownFileType = sourcecode.swift; path = SpotifyPermission.swift; sourceTree = "<group>"; };
		6B967254DE8FEC7C77E3424A /* NowPlaying.swift */ = {isa = PBXFileReference; lastKnownFileType = sourcecode.swift; path = NowPlaying.swift; sourceTree = "<group>"; };
		7EB6ABB76F505FE000D47551 /* FontSizeTests.swift */ = {isa = PBXFileReference; lastKnownFileType = sourcecode.swift; path = FontSizeTests.swift; sourceTree = "<group>"; };
		7FD21251A8E5D1D499E4A938 /* OnboardingSplashView.swift */ = {isa = PBXFileReference; lastKnownFileType = sourcecode.swift; path = OnboardingSplashView.swift; sourceTree = "<group>"; };
		87EFAB8BAAC09B5E3C0A5D0D /* SpotifyMonitor.swift */ = {isa = PBXFileReference; lastKnownFileType = sourcecode.swift; path = SpotifyMonitor.swift; sourceTree = "<group>"; };
		89E33CC1DC0EA12D3DB8BEDF /* LyricsCache.swift */ = {isa = PBXFileReference; lastKnownFileType = sourcecode.swift; path = LyricsCache.swift; sourceTree = "<group>"; };
		8FD127A703C4B9D4D3F5F5BA /* StatusBarPopover.swift */ = {isa = PBXFileReference; lastKnownFileType = sourcecode.swift; path = StatusBarPopover.swift; sourceTree = "<group>"; };
		90C4D1900DC3E0C1EA2F5A57 /* ArtworkColors.swift */ = {isa = PBXFileReference; lastKnownFileType = sourcecode.swift; path = ArtworkColors.swift; sourceTree = "<group>"; };
		90E0B63645FB05CA62D8C417 /* test_pillCapsule_dark_glass_medium.1.png */ = {isa = PBXFileReference; lastKnownFileType = image.png; path = test_pillCapsule_dark_glass_medium.1.png; sourceTree = "<group>"; };
		96CA78C08E49C668D0AAF8E6 /* HotKeyRecorder.swift */ = {isa = PBXFileReference; lastKnownFileType = sourcecode.swift; path = HotKeyRecorder.swift; sourceTree = "<group>"; };
		9783CBDCD3B9EB9C3B66EA18 /* test_pillCapsule_light_glass_medium.1.png */ = {isa = PBXFileReference; lastKnownFileType = image.png; path = test_pillCapsule_light_glass_medium.1.png; sourceTree = "<group>"; };
		9A58AB2201E45D4F261D382E /* test_pillCapsule_light_solid_short.1.png */ = {isa = PBXFileReference; lastKnownFileType = image.png; path = test_pillCapsule_light_solid_short.1.png; sourceTree = "<group>"; };
		9C5346874BDA178768DABF1C /* UpdateController.swift */ = {isa = PBXFileReference; lastKnownFileType = sourcecode.swift; path = UpdateController.swift; sourceTree = "<group>"; };
		A1BB12B799FD48F04D74C881 /* MenuBarPanelSnapshotTests.swift */ = {isa = PBXFileReference; lastKnownFileType = sourcecode.swift; path = MenuBarPanelSnapshotTests.swift; sourceTree = "<group>"; };
		A2C4C452508C81798332C029 /* HotKeyManager.swift */ = {isa = PBXFileReference; lastKnownFileType = sourcecode.swift; path = HotKeyManager.swift; sourceTree = "<group>"; };
		A3CD95E68B8DE520BC3F1BB3 /* PreferencesMigrationTests.swift */ = {isa = PBXFileReference; lastKnownFileType = sourcecode.swift; path = PreferencesMigrationTests.swift; sourceTree = "<group>"; };
		A9950B6E3DC5BB6AC664B798 /* test_pillCapsule_light_glass.1.png */ = {isa = PBXFileReference; lastKnownFileType = image.png; path = test_pillCapsule_light_glass.1.png; sourceTree = "<group>"; };
		B188448D6AA7F67774A78804 /* LyricsCacheTests.swift */ = {isa = PBXFileReference; lastKnownFileType = sourcecode.swift; path = LyricsCacheTests.swift; sourceTree = "<group>"; };
		B39930314D2B34C30C6170E1 /* FloatingLyricsWindow.swift */ = {isa = PBXFileReference; lastKnownFileType = sourcecode.swift; path = FloatingLyricsWindow.swift; sourceTree = "<group>"; };
		B6FF56B195F179F93FCB6AFC /* test_pillCapsule_dark_solid_long.1.png */ = {isa = PBXFileReference; lastKnownFileType = image.png; path = test_pillCapsule_dark_solid_long.1.png; sourceTree = "<group>"; };
		B9CD2020E38A872ED054A0EA /* SettingsActivatorTests.swift */ = {isa = PBXFileReference; lastKnownFileType = sourcecode.swift; path = SettingsActivatorTests.swift; sourceTree = "<group>"; };
		BA2533CA3A1F740C73221B75 /* test_pillCapsule_dark_glass_long.1.png */ = {isa = PBXFileReference; lastKnownFileType = image.png; path = test_pillCapsule_dark_glass_long.1.png; sourceTree = "<group>"; };
		BF4C54DBD97926430DCE00C3 /* test_pillCapsule_light_glass_long.1.png */ = {isa = PBXFileReference; lastKnownFileType = image.png; path = test_pillCapsule_light_glass_long.1.png; sourceTree = "<group>"; };
		BFB4B53028BF3D673354014E /* PillCapsuleShadowLeakTests.swift */ = {isa = PBXFileReference; lastKnownFileType = sourcecode.swift; path = PillCapsuleShadowLeakTests.swift; sourceTree = "<group>"; };
		C0FDD7532C3AB94828C480DD /* LyricsServiceTests.swift */ = {isa = PBXFileReference; lastKnownFileType = sourcecode.swift; path = LyricsServiceTests.swift; sourceTree = "<group>"; };
		C1E3DA72098CD5BBB461A24E /* test_pillCapsule_dark_glass_short.1.png */ = {isa = PBXFileReference; lastKnownFileType = image.png; path = test_pillCapsule_dark_glass_short.1.png; sourceTree = "<group>"; };
		C34F0B4FF65B471FC65E399A /* LRCParserTests.swift */ = {isa = PBXFileReference; lastKnownFileType = sourcecode.swift; path = LRCParserTests.swift; sourceTree = "<group>"; };
		C83794AC56CD0BBE70301EA1 /* LyricPositionTests.swift */ = {isa = PBXFileReference; lastKnownFileType = sourcecode.swift; path = LyricPositionTests.swift; sourceTree = "<group>"; };
		CE199C1302F0C8D534B641DE /* OnboardingView.swift */ = {isa = PBXFileReference; lastKnownFileType = sourcecode.swift; path = OnboardingView.swift; sourceTree = "<group>"; };
		D16748A263A3A0DE25DF9D76 /* test_pillCapsule_dark_glass_inactive.1.png */ = {isa = PBXFileReference; lastKnownFileType = image.png; path = test_pillCapsule_dark_glass_inactive.1.png; sourceTree = "<group>"; };
		D402F04CDF4DB488F45EA588 /* DragSnapTests.swift */ = {isa = PBXFileReference; lastKnownFileType = sourcecode.swift; path = DragSnapTests.swift; sourceTree = "<group>"; };
		D4FA1E40894B81CDC6B7AADB /* FloatingLyricsController.swift */ = {isa = PBXFileReference; lastKnownFileType = sourcecode.swift; path = FloatingLyricsController.swift; sourceTree = "<group>"; };
		D55FC405C87FE28D29340AD8 /* HotKeyTests.swift */ = {isa = PBXFileReference; lastKnownFileType = sourcecode.swift; path = HotKeyTests.swift; sourceTree = "<group>"; };
		DAAAFE72ADAE71B25BE909CB /* EffectiveClickThroughTests.swift */ = {isa = PBXFileReference; lastKnownFileType = sourcecode.swift; path = EffectiveClickThroughTests.swift; sourceTree = "<group>"; };
		DFBCDB26D43DC7832F2FAADE /* test_lyricsContent_floating_glass_dark.1.png */ = {isa = PBXFileReference; lastKnownFileType = image.png; path = test_lyricsContent_floating_glass_dark.1.png; sourceTree = "<group>"; };
		E097494AD06DD23FB4106C7E /* Cantio.entitlements */ = {isa = PBXFileReference; lastKnownFileType = text.plist.entitlements; path = Cantio.entitlements; sourceTree = "<group>"; };
		E1A2F03900657E7EDD8E08D7 /* test_pillCapsule_dark_solid_medium.1.png */ = {isa = PBXFileReference; lastKnownFileType = image.png; path = test_pillCapsule_dark_solid_medium.1.png; sourceTree = "<group>"; };
		E579E17106FC84372F1B77C2 /* Preferences.swift */ = {isa = PBXFileReference; lastKnownFileType = sourcecode.swift; path = Preferences.swift; sourceTree = "<group>"; };
		E610A8955D35A2827C8431AB /* CantioTests.swift */ = {isa = PBXFileReference; lastKnownFileType = sourcecode.swift; path = CantioTests.swift; sourceTree = "<group>"; };
		E62AD1262757FF1DA812D59D /* ExtrapolatePositionTests.swift */ = {isa = PBXFileReference; lastKnownFileType = sourcecode.swift; path = ExtrapolatePositionTests.swift; sourceTree = "<group>"; };
		F07FED1F423916B57F9900D6 /* LyricsContentViewSnapshotTests.swift */ = {isa = PBXFileReference; lastKnownFileType = sourcecode.swift; path = LyricsContentViewSnapshotTests.swift; sourceTree = "<group>"; };
		F1379A0E8EB46E094C88BBD1 /* LyricsContentView.swift */ = {isa = PBXFileReference; lastKnownFileType = sourcecode.swift; path = LyricsContentView.swift; sourceTree = "<group>"; };
		FA5D4AD943CED971601B0C5E /* test_pillCapsule_light_glass_short.1.png */ = {isa = PBXFileReference; lastKnownFileType = image.png; path = test_pillCapsule_light_glass_short.1.png; sourceTree = "<group>"; };
/* End PBXFileReference section */

/* Begin PBXFrameworksBuildPhase section */
		7F195A328C4127532E36D58F /* Frameworks */ = {
			isa = PBXFrameworksBuildPhase;
			buildActionMask = 2147483647;
			files = (
				28250D0B7D563C754B6D8530 /* Sparkle in Frameworks */,
			);
			runOnlyForDeploymentPostprocessing = 0;
		};
		C59BCE31813B08CEDB3768AA /* Frameworks */ = {
			isa = PBXFrameworksBuildPhase;
			buildActionMask = 2147483647;
			files = (
				1B558CD9511712B1F4F3A5E8 /* SnapshotTesting in Frameworks */,
			);
			runOnlyForDeploymentPostprocessing = 0;
		};
/* End PBXFrameworksBuildPhase section */

/* Begin PBXGroup section */
		0998F7471E9D6F73CD3028E6 /* Lyrics */ = {
			isa = PBXGroup;
			children = (
				C34F0B4FF65B471FC65E399A /* LRCParserTests.swift */,
				263CE71371AD95664EB3B536 /* LyricLineActiveIndexTests.swift */,
				C83794AC56CD0BBE70301EA1 /* LyricPositionTests.swift */,
				B188448D6AA7F67774A78804 /* LyricsCacheTests.swift */,
				C0FDD7532C3AB94828C480DD /* LyricsServiceTests.swift */,
				4197DE66DC571B8A0C7B515E /* LyricsStoreTests.swift */,
			);
			path = Lyrics;
			sourceTree = "<group>";
		};
		1129162651BB55E153633972 /* LyricsContentViewSnapshotTests */ = {
			isa = PBXGroup;
			children = (
				DFBCDB26D43DC7832F2FAADE /* test_lyricsContent_floating_glass_dark.1.png */,
			);
			path = LyricsContentViewSnapshotTests;
			sourceTree = "<group>";
		};
		13048362FBBAA6C269C06688 /* MenuBarPanelSnapshotTests */ = {
			isa = PBXGroup;
			children = (
				37CBBACE23FA18EC8A32ABC8 /* test_menuBarPanel_dark_emptyState.1.png */,
				663B7BB7FBD972AF38E61021 /* test_menuBarPanel_light_emptyState.1.png */,
			);
			path = MenuBarPanelSnapshotTests;
			sourceTree = "<group>";
		};
		2A51BBF29D115D4BDF262C43 /* Lyrics */ = {
			isa = PBXGroup;
			children = (
				0C539CBDD3FED940F96743E8 /* LRCParser.swift */,
				651091B40402074B91276B83 /* Lyrics.swift */,
				89E33CC1DC0EA12D3DB8BEDF /* LyricsCache.swift */,
				64EB3C3766E2F6AAA8CE5153 /* LyricsService.swift */,
				1CD541FCA67751FE684D82D7 /* LyricsStore.swift */,
			);
			path = Lyrics;
			sourceTree = "<group>";
		};
		2C77CB082DAFA7E561BCAC09 /* Products */ = {
			isa = PBXGroup;
			children = (
				0F3D81C2B989C9E5E448394C /* Cantio.app */,
				0079C8DEB5134720A29DB0C3 /* CantioTests.xctest */,
			);
			name = Products;
			sourceTree = "<group>";
		};
		2D495D34F944DDBC1D8B4F50 /* Design */ = {
			isa = PBXGroup;
			children = (
				2F0CA4C8831AD4FFBC5E2A62 /* CantioIcon.swift */,
				233EB18CF49FDA76C7A09417 /* Tokens.swift */,
			);
			path = Design;
			sourceTree = "<group>";
		};
		3887A475515F165C8B82922A /* Settings */ = {
			isa = PBXGroup;
			children = (
				E579E17106FC84372F1B77C2 /* Preferences.swift */,
				43BFFF836FE0484A660FA4E0 /* PreferencesView.swift */,
			);
			path = Settings;
			sourceTree = "<group>";
		};
		431B5E6D5F7A326720C3CFBF /* Snapshots */ = {
			isa = PBXGroup;
			children = (
				F07FED1F423916B57F9900D6 /* LyricsContentViewSnapshotTests.swift */,
				A1BB12B799FD48F04D74C881 /* MenuBarPanelSnapshotTests.swift */,
				BFB4B53028BF3D673354014E /* PillCapsuleShadowLeakTests.swift */,
				052A5DD25D8346BD9C95F9F4 /* PillCapsuleSnapshotTests.swift */,
				EA1F44A1F3A61CB234CE637F /* __Snapshots__ */,
			);
			path = Snapshots;
			sourceTree = "<group>";
		};
		4E4A1B6732444D1B252584E1 /* Spotify */ = {
			isa = PBXGroup;
			children = (
				6B967254DE8FEC7C77E3424A /* NowPlaying.swift */,
				87EFAB8BAAC09B5E3C0A5D0D /* SpotifyMonitor.swift */,
				693106C5C78806AFE48E56BB /* SpotifyPermission.swift */,
			);
			path = Spotify;
			sourceTree = "<group>";
		};
		5E21796F19C101B9D88381BB /* Onboarding */ = {
			isa = PBXGroup;
			children = (
				52928EF2746437928B4E3A84 /* OnboardingChime.swift */,
				56EDC07A6B29FCB5ADFEC23C /* OnboardingController.swift */,
				7FD21251A8E5D1D499E4A938 /* OnboardingSplashView.swift */,
				CE199C1302F0C8D534B641DE /* OnboardingView.swift */,
			);
			path = Onboarding;
			sourceTree = "<group>";
		};
		671301F56245E7915D46CE66 /* Spotify */ = {
			isa = PBXGroup;
			children = (
				E62AD1262757FF1DA812D59D /* ExtrapolatePositionTests.swift */,
				20AB587C551993227203AFA8 /* PlaybackControlTests.swift */,
				03437EB8F0E2ECB0968996AA /* SpotifyParserTests.swift */,
			);
			path = Spotify;
			sourceTree = "<group>";
		};
		7088A67F4977035AE1C27EE6 /* PillCapsuleSnapshotTests */ = {
			isa = PBXGroup;
			children = (
				D16748A263A3A0DE25DF9D76 /* test_pillCapsule_dark_glass_inactive.1.png */,
				BA2533CA3A1F740C73221B75 /* test_pillCapsule_dark_glass_long.1.png */,
				90E0B63645FB05CA62D8C417 /* test_pillCapsule_dark_glass_medium.1.png */,
				C1E3DA72098CD5BBB461A24E /* test_pillCapsule_dark_glass_short.1.png */,
				4B3D0E7A60F167BCBFE39891 /* test_pillCapsule_dark_glass.1.png */,
				B6FF56B195F179F93FCB6AFC /* test_pillCapsule_dark_solid_long.1.png */,
				E1A2F03900657E7EDD8E08D7 /* test_pillCapsule_dark_solid_medium.1.png */,
				261F72531D53B82254FBDA52 /* test_pillCapsule_dark_solid_short.1.png */,
				529B3DE95D32DAA6D46BACB9 /* test_pillCapsule_dark_solid.1.png */,
				BF4C54DBD97926430DCE00C3 /* test_pillCapsule_light_glass_long.1.png */,
				9783CBDCD3B9EB9C3B66EA18 /* test_pillCapsule_light_glass_medium.1.png */,
				FA5D4AD943CED971601B0C5E /* test_pillCapsule_light_glass_short.1.png */,
				A9950B6E3DC5BB6AC664B798 /* test_pillCapsule_light_glass.1.png */,
				6519EA4C37C278016EA6BCC7 /* test_pillCapsule_light_solid_long.1.png */,
				13F1693911AACC9EC2CD1EE0 /* test_pillCapsule_light_solid_medium.1.png */,
				9A58AB2201E45D4F261D382E /* test_pillCapsule_light_solid_short.1.png */,
			);
			path = PillCapsuleSnapshotTests;
			sourceTree = "<group>";
		};
		7D28B98B1F1E5DE9430DEFF0 /* Hotkey */ = {
			isa = PBXGroup;
			children = (
				596525E6F5D61D14AB50B0DB /* HotKey.swift */,
				A2C4C452508C81798332C029 /* HotKeyManager.swift */,
				96CA78C08E49C668D0AAF8E6 /* HotKeyRecorder.swift */,
			);
			path = Hotkey;
			sourceTree = "<group>";
		};
		8A25C9DA68DC66B33A23A053 /* Settings */ = {
			isa = PBXGroup;
			children = (
				7EB6ABB76F505FE000D47551 /* FontSizeTests.swift */,
				5044BBAAFC38966233674A8C /* GlassStyleMigrationTests.swift */,
				A3CD95E68B8DE520BC3F1BB3 /* PreferencesMigrationTests.swift */,
				B9CD2020E38A872ED054A0EA /* SettingsActivatorTests.swift */,
			);
			path = Settings;
			sourceTree = "<group>";
		};
		9FE01D258E552D52873AC12C /* Cantio */ = {
			isa = PBXGroup;
			children = (
				3F89CBEDD806349666D91C5E /* Assets.xcassets */,
				E097494AD06DD23FB4106C7E /* Cantio.entitlements */,
				30905A5F0B92B181340F9ECE /* CantioApp.swift */,
				56C8668D27EF4BC6DA0D886C /* MenuBarPanel.swift */,
				8FD127A703C4B9D4D3F5F5BA /* StatusBarPopover.swift */,
				2D495D34F944DDBC1D8B4F50 /* Design */,
				7D28B98B1F1E5DE9430DEFF0 /* Hotkey */,
				2A51BBF29D115D4BDF262C43 /* Lyrics */,
				5E21796F19C101B9D88381BB /* Onboarding */,
				3887A475515F165C8B82922A /* Settings */,
				4E4A1B6732444D1B252584E1 /* Spotify */,
				ECC53F8C79ABFF8020140905 /* Updates */,
				E5D5F16746C658357DA4C6FB /* Window */,
			);
			path = Cantio;
			sourceTree = "<group>";
		};
		CAA687BE21A6D5BB79301907 = {
			isa = PBXGroup;
			children = (
				9FE01D258E552D52873AC12C /* Cantio */,
				EF54E60A1B49CF2A1341D3A6 /* CantioTests */,
				2C77CB082DAFA7E561BCAC09 /* Products */,
			);
			sourceTree = "<group>";
		};
		E5D5F16746C658357DA4C6FB /* Window */ = {
			isa = PBXGroup;
			children = (
				90C4D1900DC3E0C1EA2F5A57 /* ArtworkColors.swift */,
				3451D5B1F6B92328C0314089 /* DragGuideOverlay.swift */,
				510997F9A9D7408B13E7CE65 /* DragSnap.swift */,
				D4FA1E40894B81CDC6B7AADB /* FloatingLyricsController.swift */,
				B39930314D2B34C30C6170E1 /* FloatingLyricsWindow.swift */,
				F1379A0E8EB46E094C88BBD1 /* LyricsContentView.swift */,
			);
			path = Window;
			sourceTree = "<group>";
		};
		E624DB5AF1858A5DB4A026D0 /* Window */ = {
			isa = PBXGroup;
			children = (
				D402F04CDF4DB488F45EA588 /* DragSnapTests.swift */,
				DAAAFE72ADAE71B25BE909CB /* EffectiveClickThroughTests.swift */,
				2B28A280F4136338D7213B4D /* FlowLayoutTests.swift */,
				D55FC405C87FE28D29340AD8 /* HotKeyTests.swift */,
			);
			path = Window;
			sourceTree = "<group>";
		};
		EA1F44A1F3A61CB234CE637F /* __Snapshots__ */ = {
			isa = PBXGroup;
			children = (
				1129162651BB55E153633972 /* LyricsContentViewSnapshotTests */,
				13048362FBBAA6C269C06688 /* MenuBarPanelSnapshotTests */,
				7088A67F4977035AE1C27EE6 /* PillCapsuleSnapshotTests */,
			);
			path = __Snapshots__;
			sourceTree = "<group>";
		};
		ECC53F8C79ABFF8020140905 /* Updates */ = {
			isa = PBXGroup;
			children = (
				9C5346874BDA178768DABF1C /* UpdateController.swift */,
			);
			path = Updates;
			sourceTree = "<group>";
		};
		EF54E60A1B49CF2A1341D3A6 /* CantioTests */ = {
			isa = PBXGroup;
			children = (
				E610A8955D35A2827C8431AB /* CantioTests.swift */,
				0998F7471E9D6F73CD3028E6 /* Lyrics */,
				8A25C9DA68DC66B33A23A053 /* Settings */,
				431B5E6D5F7A326720C3CFBF /* Snapshots */,
				671301F56245E7915D46CE66 /* Spotify */,
				E624DB5AF1858A5DB4A026D0 /* Window */,
			);
			path = CantioTests;
			sourceTree = "<group>";
		};
/* End PBXGroup section */

/* Begin PBXNativeTarget section */
		4EBE767DA9EEE41D5480C8F7 /* CantioTests */ = {
			isa = PBXNativeTarget;
			buildConfigurationList = C490D103D3D7F7872CBD150C /* Build configuration list for PBXNativeTarget "CantioTests" */;
			buildPhases = (
				568CD80CEE613BE6581915F8 /* Sources */,
				675AC89394DAFDA6CD1282A3 /* Resources */,
				C59BCE31813B08CEDB3768AA /* Frameworks */,
			);
			buildRules = (
			);
			dependencies = (
				B845643B73325D892C821200 /* PBXTargetDependency */,
			);
			name = CantioTests;
			packageProductDependencies = (
				5E9402E43F51986C7CBF16D2 /* SnapshotTesting */,
			);
			productName = CantioTests;
			productReference = 0079C8DEB5134720A29DB0C3 /* CantioTests.xctest */;
			productType = "com.apple.product-type.bundle.unit-test";
		};
		DEE07AF9531E290E9D89D863 /* Cantio */ = {
			isa = PBXNativeTarget;
			buildConfigurationList = 734B12622E1441258EA747FE /* Build configuration list for PBXNativeTarget "Cantio" */;
			buildPhases = (
				3000F1B1937F0FA1BAC2AF5A /* Sources */,
				BB08078E4038903CE588B100 /* Resources */,
				7F195A328C4127532E36D58F /* Frameworks */,
			);
			buildRules = (
			);
			dependencies = (
			);
			name = Cantio;
			packageProductDependencies = (
				27E2BB96C752682A3C9F5F5C /* Sparkle */,
			);
			productName = Cantio;
			productReference = 0F3D81C2B989C9E5E448394C /* Cantio.app */;
			productType = "com.apple.product-type.application";
		};
/* End PBXNativeTarget section */

/* Begin PBXProject section */
		282B7E45947AA8CE539D0259 /* Project object */ = {
			isa = PBXProject;
			attributes = {
				BuildIndependentTargetsInParallel = YES;
				LastUpgradeCheck = 1430;
				TargetAttributes = {
					4EBE767DA9EEE41D5480C8F7 = {
						DevelopmentTeam = "";
						ProvisioningStyle = Manual;
					};
					DEE07AF9531E290E9D89D863 = {
						DevelopmentTeam = "";
						ProvisioningStyle = Manual;
					};
				};
			};
			buildConfigurationList = 0018C37FD212BB8E5AE6650C /* Build configuration list for PBXProject "Cantio" */;
			developmentRegion = en;
			hasScannedForEncodings = 0;
			knownRegions = (
				Base,
				en,
			);
			mainGroup = CAA687BE21A6D5BB79301907;
			minimizedProjectReferenceProxies = 1;
			packageReferences = (
				820D246A29BF8ACE70632A37 /* XCRemoteSwiftPackageReference "swift-snapshot-testing" */,
				40972F62A770C1608F0691CA /* XCRemoteSwiftPackageReference "Sparkle" */,
			);
			preferredProjectObjectVersion = 77;
			productRefGroup = 2C77CB082DAFA7E561BCAC09 /* Products */;
			projectDirPath = "";
			projectRoot = "";
			targets = (
				DEE07AF9531E290E9D89D863 /* Cantio */,
				4EBE767DA9EEE41D5480C8F7 /* CantioTests */,
			);
		};
/* End PBXProject section */

/* Begin PBXResourcesBuildPhase section */
		675AC89394DAFDA6CD1282A3 /* Resources */ = {
			isa = PBXResourcesBuildPhase;
			buildActionMask = 2147483647;
			files = (
				507F286E69F42B0784EFFDA6 /* test_lyricsContent_floating_glass_dark.1.png in Resources */,
				BB2D631EF9E172E764BE5CA9 /* test_menuBarPanel_dark_emptyState.1.png in Resources */,
				01E3582204682303609BD096 /* test_menuBarPanel_light_emptyState.1.png in Resources */,
				C888F45338EAE13D99682909 /* test_pillCapsule_dark_glass.1.png in Resources */,
				E265A2A23972756C81863292 /* test_pillCapsule_dark_glass_inactive.1.png in Resources */,
				1BF0F1D830F32F6570DBA3F2 /* test_pillCapsule_dark_glass_long.1.png in Resources */,
				00F02305D8B4E274AC00C080 /* test_pillCapsule_dark_glass_medium.1.png in Resources */,
				A73B8A790EBEDEBD817C06D8 /* test_pillCapsule_dark_glass_short.1.png in Resources */,
				DD16AA0C38494BE85300263C /* test_pillCapsule_dark_solid.1.png in Resources */,
				C024226EADE2A78A45E316E7 /* test_pillCapsule_dark_solid_long.1.png in Resources */,
				8F98BC35EADBEDDDCC2EB015 /* test_pillCapsule_dark_solid_medium.1.png in Resources */,
				220603173774617CE0DE0F91 /* test_pillCapsule_dark_solid_short.1.png in Resources */,
				997FCFB5B61D3B651BCF8C9B /* test_pillCapsule_light_glass.1.png in Resources */,
				83514AB4B1353B509F52ACFC /* test_pillCapsule_light_glass_long.1.png in Resources */,
				DF9AA2CF29258E4285BD5DF0 /* test_pillCapsule_light_glass_medium.1.png in Resources */,
				842EA36FFAAC65A6DFAA76DB /* test_pillCapsule_light_glass_short.1.png in Resources */,
				BDDDBD7D5E9DAD123CA4DFE9 /* test_pillCapsule_light_solid_long.1.png in Resources */,
				D60F8A95F7647BF2B5668D70 /* test_pillCapsule_light_solid_medium.1.png in Resources */,
				443D2893DFF64CBD1FEC22D5 /* test_pillCapsule_light_solid_short.1.png in Resources */,
			);
			runOnlyForDeploymentPostprocessing = 0;
		};
		BB08078E4038903CE588B100 /* Resources */ = {
			isa = PBXResourcesBuildPhase;
			buildActionMask = 2147483647;
			files = (
				7DDE4D1EE9C4C7B5C498D5B5 /* Assets.xcassets in Resources */,
			);
			runOnlyForDeploymentPostprocessing = 0;
		};
/* End PBXResourcesBuildPhase section */

/* Begin PBXSourcesBuildPhase section */
		3000F1B1937F0FA1BAC2AF5A /* Sources */ = {
			isa = PBXSourcesBuildPhase;
			buildActionMask = 2147483647;
			files = (
				359ABAA22BEF39EB94D43063 /* ArtworkColors.swift in Sources */,
				1181D71920125E757F7D4DAB /* CantioApp.swift in Sources */,
				C4CF7A8AF84E56C765F2F176 /* CantioIcon.swift in Sources */,
				7D6BD67A11440BEF07B983D8 /* DragGuideOverlay.swift in Sources */,
				7CBB780A66A59EAA5052C977 /* DragSnap.swift in Sources */,
				F7CF45C7A05E310F2F9FB70D /* FloatingLyricsController.swift in Sources */,
				BC80E78A3BC919F96CCD6907 /* FloatingLyricsWindow.swift in Sources */,
				DABFC8F85C83AB659793DF21 /* HotKey.swift in Sources */,
				5509E6C84853C27E9DB26D14 /* HotKeyManager.swift in Sources */,
				5219B8E712185144DD77F0FA /* HotKeyRecorder.swift in Sources */,
				EAFD43AAE84A2DA22EC2EA9C /* LRCParser.swift in Sources */,
				9FE0818D227CF6D34B551903 /* Lyrics.swift in Sources */,
				A19096088693DC802B38B94B /* LyricsCache.swift in Sources */,
				1D79E46CD61057196B139FEE /* LyricsContentView.swift in Sources */,
				AD55BDF99B04C6FA43576359 /* LyricsService.swift in Sources */,
				E5436D5E061DF8B958001EBB /* LyricsStore.swift in Sources */,
				4B5D48036F77B4B84DF38E92 /* MenuBarPanel.swift in Sources */,
				4BF39E336F97F0BA935A8EF6 /* NowPlaying.swift in Sources */,
				68B438F35EE6A9F76C850254 /* OnboardingChime.swift in Sources */,
				5FE0312B65529202F0445ACB /* OnboardingController.swift in Sources */,
				954897FE30F0DDA3D0D945E4 /* OnboardingSplashView.swift in Sources */,
				0C26DBCADE89CF0860AE268F /* OnboardingView.swift in Sources */,
				7DAEC7FB95DD4C845587A75D /* Preferences.swift in Sources */,
				CCAC74653FCCBD56688DBD4B /* PreferencesView.swift in Sources */,
				D627547BB4621A59424C4B99 /* SpotifyMonitor.swift in Sources */,
				0522AC18EE6F6B443902D4D7 /* SpotifyPermission.swift in Sources */,
				74E616C9F174B49E9387B907 /* StatusBarPopover.swift in Sources */,
				4AFD6D288F440A33210F6662 /* Tokens.swift in Sources */,
				1C6C1CC0FDBAAE949ACC7C3B /* UpdateController.swift in Sources */,
			);
			runOnlyForDeploymentPostprocessing = 0;
		};
		568CD80CEE613BE6581915F8 /* Sources */ = {
			isa = PBXSourcesBuildPhase;
			buildActionMask = 2147483647;
			files = (
				B6DBF628B75692F55999642F /* CantioTests.swift in Sources */,
				BEA45A4FEBC599794E2C5CCE /* DragSnapTests.swift in Sources */,
				61EB49AEA6F72ADEE585F174 /* EffectiveClickThroughTests.swift in Sources */,
				92F225108C1CC65E91A6282F /* ExtrapolatePositionTests.swift in Sources */,
				2499EA4295DDCC5DFF8CAC08 /* FlowLayoutTests.swift in Sources */,
				A7580AE165823CC0BBFD3B4E /* FontSizeTests.swift in Sources */,
				2F6ADF36C45AD253CAA08FC2 /* GlassStyleMigrationTests.swift in Sources */,
				EB08F60655053FE3B0EAA5CE /* HotKeyTests.swift in Sources */,
				E0C526403CB82BBD9115651E /* LRCParserTests.swift in Sources */,
				C4C4C42F3197D18DA0DDF7B9 /* LyricLineActiveIndexTests.swift in Sources */,
				F984EABDE6B9F25E5E2ACE82 /* LyricPositionTests.swift in Sources */,
				F5F76409DB554A77C2EF3C53 /* LyricsCacheTests.swift in Sources */,
				D61C7C187B64F8752947CC29 /* LyricsContentViewSnapshotTests.swift in Sources */,
				807C7752C6D76CF38F6565EB /* LyricsServiceTests.swift in Sources */,
				A30400311BD26D3A7334CCED /* LyricsStoreTests.swift in Sources */,
				5348738A3CD123BD787C470B /* MenuBarPanelSnapshotTests.swift in Sources */,
				0DE3450364AE995BF17D2511 /* PillCapsuleShadowLeakTests.swift in Sources */,
				E1704C29016F00F730466453 /* PillCapsuleSnapshotTests.swift in Sources */,
				7225EF353D7B33E643A92D63 /* PlaybackControlTests.swift in Sources */,
				B4FDDBF52CD016919A473E0A /* PreferencesMigrationTests.swift in Sources */,
				4957EFA1C345C52B67AE63E5 /* SettingsActivatorTests.swift in Sources */,
				8095FCFAD19E4C24361A6EAE /* SpotifyParserTests.swift in Sources */,
			);
			runOnlyForDeploymentPostprocessing = 0;
		};
/* End PBXSourcesBuildPhase section */

/* Begin PBXTargetDependency section */
		B845643B73325D892C821200 /* PBXTargetDependency */ = {
			isa = PBXTargetDependency;
			target = DEE07AF9531E290E9D89D863 /* Cantio */;
			targetProxy = 11887D3258E03546E5952C55 /* PBXContainerItemProxy */;
		};
/* End PBXTargetDependency section */

/* Begin XCBuildConfiguration section */
		259C93897511A65964264DA2 /* Release */ = {
			isa = XCBuildConfiguration;
			buildSettings = {
				ALWAYS_SEARCH_USER_PATHS = NO;
				ARCHS = "arm64 x86_64";
				CLANG_ANALYZER_NONNULL = YES;
				CLANG_ANALYZER_NUMBER_OBJECT_CONVERSION = YES_AGGRESSIVE;
				CLANG_CXX_LANGUAGE_STANDARD = "gnu++14";
				CLANG_CXX_LIBRARY = "libc++";
				CLANG_ENABLE_MODULES = YES;
				CLANG_ENABLE_OBJC_ARC = YES;
				CLANG_ENABLE_OBJC_WEAK = YES;
				CLANG_WARN_BLOCK_CAPTURE_AUTORELEASING = YES;
				CLANG_WARN_BOOL_CONVERSION = YES;
				CLANG_WARN_COMMA = YES;
				CLANG_WARN_CONSTANT_CONVERSION = YES;
				CLANG_WARN_DEPRECATED_OBJC_IMPLEMENTATIONS = YES;
				CLANG_WARN_DIRECT_OBJC_ISA_USAGE = YES_ERROR;
				CLANG_WARN_DOCUMENTATION_COMMENTS = YES;
				CLANG_WARN_EMPTY_BODY = YES;
				CLANG_WARN_ENUM_CONVERSION = YES;
				CLANG_WARN_INFINITE_RECURSION = YES;
				CLANG_WARN_INT_CONVERSION = YES;
				CLANG_WARN_NON_LITERAL_NULL_CONVERSION = YES;
				CLANG_WARN_OBJC_IMPLICIT_RETAIN_SELF = YES;
				CLANG_WARN_OBJC_LITERAL_CONVERSION = YES;
				CLANG_WARN_OBJC_ROOT_CLASS = YES_ERROR;
				CLANG_WARN_QUOTED_INCLUDE_IN_FRAMEWORK_HEADER = YES;
				CLANG_WARN_RANGE_LOOP_ANALYSIS = YES;
				CLANG_WARN_STRICT_PROTOTYPES = YES;
				CLANG_WARN_SUSPICIOUS_MOVE = YES;
				CLANG_WARN_UNGUARDED_AVAILABILITY = YES_AGGRESSIVE;
				CLANG_WARN_UNREACHABLE_CODE = YES;
				CLANG_WARN__DUPLICATE_METHOD_MATCH = YES;
				CODE_SIGN_IDENTITY = "-";
				CODE_SIGN_STYLE = Manual;
				COPY_PHASE_STRIP = NO;
				CURRENT_PROJECT_VERSION = 7;
				DEBUG_INFORMATION_FORMAT = "dwarf-with-dsym";
				DEVELOPMENT_TEAM = "";
				ENABLE_NS_ASSERTIONS = NO;
				ENABLE_STRICT_OBJC_MSGSEND = YES;
				GCC_C_LANGUAGE_STANDARD = gnu11;
				GCC_NO_COMMON_BLOCKS = YES;
				GCC_TREAT_WARNINGS_AS_ERRORS = NO;
				GCC_WARN_64_TO_32_BIT_CONVERSION = YES;
				GCC_WARN_ABOUT_RETURN_TYPE = YES_ERROR;
				GCC_WARN_UNDECLARED_SELECTOR = YES;
				GCC_WARN_UNINITIALIZED_AUTOS = YES_AGGRESSIVE;
				GCC_WARN_UNUSED_FUNCTION = YES;
				GCC_WARN_UNUSED_VARIABLE = YES;
				MACOSX_DEPLOYMENT_TARGET = 14.0;
				MARKETING_VERSION = 1.0.4;
				MTL_ENABLE_DEBUG_INFO = NO;
				MTL_FAST_MATH = YES;
				ONLY_ACTIVE_ARCH = NO;
				PRODUCT_NAME = "$(TARGET_NAME)";
				SDKROOT = macosx;
				SWIFT_COMPILATION_MODE = wholemodule;
				SWIFT_OPTIMIZATION_LEVEL = "-O";
				SWIFT_TREAT_WARNINGS_AS_ERRORS = NO;
				SWIFT_VERSION = 5.9;
			};
			name = Release;
		};
		69AE03ECEC67ADC213D1D985 /* Release */ = {
			isa = XCBuildConfiguration;
			buildSettings = {
				ASSETCATALOG_COMPILER_APPICON_NAME = AppIcon;
				CODE_SIGN_ENTITLEMENTS = Cantio/Cantio.entitlements;
				COMBINE_HIDPI_IMAGES = YES;
				ENABLE_HARDENED_RUNTIME = YES;
				GENERATE_INFOPLIST_FILE = NO;
				INFOPLIST_FILE = Cantio/Info.plist;
				LD_RUNPATH_SEARCH_PATHS = (
					"$(inherited)",
					"@executable_path/../Frameworks",
				);
				MACOSX_DEPLOYMENT_TARGET = 14.0;
				PRODUCT_BUNDLE_IDENTIFIER = com.mayronalves.cantio;
				PRODUCT_NAME = Cantio;
				SDKROOT = macosx;
			};
			name = Release;
		};
		A8A0880DE97A8165AE3C39ED /* Debug */ = {
			isa = XCBuildConfiguration;
			buildSettings = {
				ASSETCATALOG_COMPILER_APPICON_NAME = AppIcon;
				CODE_SIGN_ENTITLEMENTS = Cantio/Cantio.entitlements;
				COMBINE_HIDPI_IMAGES = YES;
				ENABLE_HARDENED_RUNTIME = YES;
				GENERATE_INFOPLIST_FILE = NO;
				INFOPLIST_FILE = Cantio/Info.plist;
				LD_RUNPATH_SEARCH_PATHS = (
					"$(inherited)",
					"@executable_path/../Frameworks",
				);
				MACOSX_DEPLOYMENT_TARGET = 14.0;
				PRODUCT_BUNDLE_IDENTIFIER = com.mayronalves.cantio;
				PRODUCT_NAME = Cantio;
				SDKROOT = macosx;
			};
			name = Debug;
		};
		BB8C5D48B0D92EB290A259A1 /* Release */ = {
			isa = XCBuildConfiguration;
			buildSettings = {
				BUNDLE_LOADER = "$(TEST_HOST)";
				COMBINE_HIDPI_IMAGES = YES;
				GENERATE_INFOPLIST_FILE = YES;
				LD_RUNPATH_SEARCH_PATHS = (
					"$(inherited)",
					"@executable_path/../Frameworks",
					"@loader_path/../Frameworks",
				);
				MACOSX_DEPLOYMENT_TARGET = 14.0;
				PRODUCT_BUNDLE_IDENTIFIER = com.mayronalves.CantioTests;
				PRODUCT_NAME = CantioTests;
				SDKROOT = macosx;
				TEST_HOST = "$(BUILT_PRODUCTS_DIR)/Cantio.app/Contents/MacOS/Cantio";
			};
			name = Release;
		};
		CD133CD592A954D17FFBA77E /* Debug */ = {
			isa = XCBuildConfiguration;
			buildSettings = {
				ALWAYS_SEARCH_USER_PATHS = NO;
				ARCHS = "arm64 x86_64";
				CLANG_ANALYZER_NONNULL = YES;
				CLANG_ANALYZER_NUMBER_OBJECT_CONVERSION = YES_AGGRESSIVE;
				CLANG_CXX_LANGUAGE_STANDARD = "gnu++14";
				CLANG_CXX_LIBRARY = "libc++";
				CLANG_ENABLE_MODULES = YES;
				CLANG_ENABLE_OBJC_ARC = YES;
				CLANG_ENABLE_OBJC_WEAK = YES;
				CLANG_WARN_BLOCK_CAPTURE_AUTORELEASING = YES;
				CLANG_WARN_BOOL_CONVERSION = YES;
				CLANG_WARN_COMMA = YES;
				CLANG_WARN_CONSTANT_CONVERSION = YES;
				CLANG_WARN_DEPRECATED_OBJC_IMPLEMENTATIONS = YES;
				CLANG_WARN_DIRECT_OBJC_ISA_USAGE = YES_ERROR;
				CLANG_WARN_DOCUMENTATION_COMMENTS = YES;
				CLANG_WARN_EMPTY_BODY = YES;
				CLANG_WARN_ENUM_CONVERSION = YES;
				CLANG_WARN_INFINITE_RECURSION = YES;
				CLANG_WARN_INT_CONVERSION = YES;
				CLANG_WARN_NON_LITERAL_NULL_CONVERSION = YES;
				CLANG_WARN_OBJC_IMPLICIT_RETAIN_SELF = YES;
				CLANG_WARN_OBJC_LITERAL_CONVERSION = YES;
				CLANG_WARN_OBJC_ROOT_CLASS = YES_ERROR;
				CLANG_WARN_QUOTED_INCLUDE_IN_FRAMEWORK_HEADER = YES;
				CLANG_WARN_RANGE_LOOP_ANALYSIS = YES;
				CLANG_WARN_STRICT_PROTOTYPES = YES;
				CLANG_WARN_SUSPICIOUS_MOVE = YES;
				CLANG_WARN_UNGUARDED_AVAILABILITY = YES_AGGRESSIVE;
				CLANG_WARN_UNREACHABLE_CODE = YES;
				CLANG_WARN__DUPLICATE_METHOD_MATCH = YES;
				CODE_SIGN_IDENTITY = "-";
				CODE_SIGN_STYLE = Manual;
				COPY_PHASE_STRIP = NO;
				CURRENT_PROJECT_VERSION = 7;
				DEBUG_INFORMATION_FORMAT = dwarf;
				DEVELOPMENT_TEAM = "";
				ENABLE_STRICT_OBJC_MSGSEND = YES;
				ENABLE_TESTABILITY = YES;
				GCC_C_LANGUAGE_STANDARD = gnu11;
				GCC_DYNAMIC_NO_PIC = NO;
				GCC_NO_COMMON_BLOCKS = YES;
				GCC_OPTIMIZATION_LEVEL = 0;
				GCC_PREPROCESSOR_DEFINITIONS = (
					"$(inherited)",
					"DEBUG=1",
				);
				GCC_TREAT_WARNINGS_AS_ERRORS = NO;
				GCC_WARN_64_TO_32_BIT_CONVERSION = YES;
				GCC_WARN_ABOUT_RETURN_TYPE = YES_ERROR;
				GCC_WARN_UNDECLARED_SELECTOR = YES;
				GCC_WARN_UNINITIALIZED_AUTOS = YES_AGGRESSIVE;
				GCC_WARN_UNUSED_FUNCTION = YES;
				GCC_WARN_UNUSED_VARIABLE = YES;
				MACOSX_DEPLOYMENT_TARGET = 14.0;
				MARKETING_VERSION = 1.0.4;
				MTL_ENABLE_DEBUG_INFO = INCLUDE_SOURCE;
				MTL_FAST_MATH = YES;
				ONLY_ACTIVE_ARCH = YES;
				PRODUCT_NAME = "$(TARGET_NAME)";
				SDKROOT = macosx;
				SWIFT_ACTIVE_COMPILATION_CONDITIONS = DEBUG;
				SWIFT_OPTIMIZATION_LEVEL = "-Onone";
				SWIFT_TREAT_WARNINGS_AS_ERRORS = NO;
				SWIFT_VERSION = 5.9;
			};
			name = Debug;
		};
		E379F3F55CC513F08458EF40 /* Debug */ = {
			isa = XCBuildConfiguration;
			buildSettings = {
				BUNDLE_LOADER = "$(TEST_HOST)";
				COMBINE_HIDPI_IMAGES = YES;
				GENERATE_INFOPLIST_FILE = YES;
				LD_RUNPATH_SEARCH_PATHS = (
					"$(inherited)",
					"@executable_path/../Frameworks",
					"@loader_path/../Frameworks",
				);
				MACOSX_DEPLOYMENT_TARGET = 14.0;
				PRODUCT_BUNDLE_IDENTIFIER = com.mayronalves.CantioTests;
				PRODUCT_NAME = CantioTests;
				SDKROOT = macosx;
				TEST_HOST = "$(BUILT_PRODUCTS_DIR)/Cantio.app/Contents/MacOS/Cantio";
			};
			name = Debug;
		};
/* End XCBuildConfiguration section */

/* Begin XCConfigurationList section */
		0018C37FD212BB8E5AE6650C /* Build configuration list for PBXProject "Cantio" */ = {
			isa = XCConfigurationList;
			buildConfigurations = (
				CD133CD592A954D17FFBA77E /* Debug */,
				259C93897511A65964264DA2 /* Release */,
			);
			defaultConfigurationIsVisible = 0;
			defaultConfigurationName = Debug;
		};
		734B12622E1441258EA747FE /* Build configuration list for PBXNativeTarget "Cantio" */ = {
			isa = XCConfigurationList;
			buildConfigurations = (
				A8A0880DE97A8165AE3C39ED /* Debug */,
				69AE03ECEC67ADC213D1D985 /* Release */,
			);
			defaultConfigurationIsVisible = 0;
			defaultConfigurationName = Debug;
		};
		C490D103D3D7F7872CBD150C /* Build configuration list for PBXNativeTarget "CantioTests" */ = {
			isa = XCConfigurationList;
			buildConfigurations = (
				E379F3F55CC513F08458EF40 /* Debug */,
				BB8C5D48B0D92EB290A259A1 /* Release */,
			);
			defaultConfigurationIsVisible = 0;
			defaultConfigurationName = Debug;
		};
/* End XCConfigurationList section */

/* Begin XCRemoteSwiftPackageReference section */
		40972F62A770C1608F0691CA /* XCRemoteSwiftPackageReference "Sparkle" */ = {
			isa = XCRemoteSwiftPackageReference;
			repositoryURL = "https://github.com/sparkle-project/Sparkle";
			requirement = {
				kind = upToNextMajorVersion;
				minimumVersion = 2.6.0;
			};
		};
		820D246A29BF8ACE70632A37 /* XCRemoteSwiftPackageReference "swift-snapshot-testing" */ = {
			isa = XCRemoteSwiftPackageReference;
			repositoryURL = "https://github.com/pointfreeco/swift-snapshot-testing";
			requirement = {
				kind = upToNextMajorVersion;
				minimumVersion = 1.17.0;
			};
		};
/* End XCRemoteSwiftPackageReference section */

/* Begin XCSwiftPackageProductDependency section */
		27E2BB96C752682A3C9F5F5C /* Sparkle */ = {
			isa = XCSwiftPackageProductDependency;
			package = 40972F62A770C1608F0691CA /* XCRemoteSwiftPackageReference "Sparkle" */;
			productName = Sparkle;
		};
		5E9402E43F51986C7CBF16D2 /* SnapshotTesting */ = {
			isa = XCSwiftPackageProductDependency;
			package = 820D246A29BF8ACE70632A37 /* XCRemoteSwiftPackageReference "swift-snapshot-testing" */;
			productName = SnapshotTesting;
		};
/* End XCSwiftPackageProductDependency section */
	};
	rootObject = 282B7E45947AA8CE539D0259 /* Project object */;
}
