// !$*UTF8*$!
{
	archiveVersion = 1;
	classes = {
	};
	objectVersion = 77;
	objects = {

/* Begin PBXBuildFile section */
		0204EA286084D7BFB7A0789A /* test_pillCapsule_light_solid_short.1.png in Resources */ = {isa = PBXBuildFile; fileRef = 4F3C01DBD56EC2ECEC7BD136 /* test_pillCapsule_light_solid_short.1.png */; };
		036EFBDB3F5F51D47521D0A3 /* Preferences.swift in Sources */ = {isa = PBXBuildFile; fileRef = 15C343AEA8C1043F37E09B86 /* Preferences.swift */; };
		0E1ED400DAB19D0443CAE01F /* test_pillCapsule_dark_solid.1.png in Resources */ = {isa = PBXBuildFile; fileRef = 4BD7D3B2CF500285D3C78D7E /* test_pillCapsule_dark_solid.1.png */; };
		108639FE94380676BB5724CC /* CantioApp.swift in Sources */ = {isa = PBXBuildFile; fileRef = 09F9940E15947E74FF3EECDC /* CantioApp.swift */; };
		111A37E082134E92E9EC76CA /* LyricsStoreTests.swift in Sources */ = {isa = PBXBuildFile; fileRef = E74AD85B3B4C457CEFC8F071 /* LyricsStoreTests.swift */; };
		1730A3996D6D3D10F7F0FDD2 /* NowPlaying.swift in Sources */ = {isa = PBXBuildFile; fileRef = FF9E8186C29B584CB5E1ED2E /* NowPlaying.swift */; };
		1B041E3D757AE138DD7C3030 /* PillCapsuleSnapshotTests.swift in Sources */ = {isa = PBXBuildFile; fileRef = ABF8AA031D6B3676181729F9 /* PillCapsuleSnapshotTests.swift */; };
		26821024BDD609E21F32F98A /* LyricsContentView.swift in Sources */ = {isa = PBXBuildFile; fileRef = 311193D96022FFDD167967DE /* LyricsContentView.swift */; };
		2995884991ACCF28C8F81FB5 /* SpotifyPermission.swift in Sources */ = {isa = PBXBuildFile; fileRef = DFF3CCEAC343576E261670E7 /* SpotifyPermission.swift */; };
		2B1E3789310190D68A03CB7A /* test_menuBarPanel_light_emptyState.1.png in Resources */ = {isa = PBXBuildFile; fileRef = 551B78748B56B3BB2E9DDF6B /* test_menuBarPanel_light_emptyState.1.png */; };
		2CAC4AC631AB37744165D5B4 /* MenuBarPanel.swift in Sources */ = {isa = PBXBuildFile; fileRef = 6D22FA0799314AA24CA8C017 /* MenuBarPanel.swift */; };
		2CAC4AC631AB37744165D5B5 /* StatusBarPopover.swift in Sources */ = {isa = PBXBuildFile; fileRef = 6D22FA0799314AA24CA8C018 /* StatusBarPopover.swift */; };
		2FA55B2D61207510B6AD42BA /* Lyrics.swift in Sources */ = {isa = PBXBuildFile; fileRef = 738DC9A427DCACCCA78C93D4 /* Lyrics.swift */; };
		3346497B9984FD75FBD63970 /* Assets.xcassets in Resources */ = {isa = PBXBuildFile; fileRef = 1853290EDED3FFB04F5F8432 /* Assets.xcassets */; };
		3596B5F02F8108C9FA111AF8 /* FloatingLyricsController.swift in Sources */ = {isa = PBXBuildFile; fileRef = 7F49DAC34251F7317C390A0B /* FloatingLyricsController.swift */; };
		390505B104D9415DB1D1D702 /* MenuBarPanelSnapshotTests.swift in Sources */ = {isa = PBXBuildFile; fileRef = A7B1768B2F790BC6C74F2512 /* MenuBarPanelSnapshotTests.swift */; };
		49588CFB23F48E3F4A864F6B /* LyricPositionTests.swift in Sources */ = {isa = PBXBuildFile; fileRef = 149144520AF6EC3FC7A395B3 /* LyricPositionTests.swift */; };
		4DE00B56601CEDCA7BCBA57C /* LyricsCache.swift in Sources */ = {isa = PBXBuildFile; fileRef = 3DBEEC1D0436B931F17D6212 /* LyricsCache.swift */; };
		4FF4B58F9CA9A929C5AF8652 /* test_menuBarPanel_dark_emptyState.1.png in Resources */ = {isa = PBXBuildFile; fileRef = B0112047A8D80327EC24732B /* test_menuBarPanel_dark_emptyState.1.png */; };
		5F17CA8C7FA28BAD3BF922E7 /* HotKeyManager.swift in Sources */ = {isa = PBXBuildFile; fileRef = 80312E3E509BBE8B2803F718 /* HotKeyManager.swift */; };
		6163A3FCCCC78117D7E8EE03 /* Sparkle in Frameworks */ = {isa = PBXBuildFile; productRef = FDF12CD0693717979BC141B5 /* Sparkle */; };
		63AAD3C36B1540416035DF87 /* test_pillCapsule_dark_glass_short.1.png in Resources */ = {isa = PBXBuildFile; fileRef = 006DBF2BEEF18971C88B1DDC /* test_pillCapsule_dark_glass_short.1.png */; };
		63AB58355F8E0B4392B9DB67 /* SpotifyMonitor.swift in Sources */ = {isa = PBXBuildFile; fileRef = 6B6E9552BE39CECB5BDCDF44 /* SpotifyMonitor.swift */; };
		679DE7F603F4964083085685 /* HotKeyTests.swift in Sources */ = {isa = PBXBuildFile; fileRef = E217993E1F526FDF1A6A1595 /* HotKeyTests.swift */; };
		6931C8C1ABB9480A12F965C5 /* CantioTests.swift in Sources */ = {isa = PBXBuildFile; fileRef = B8F6788BDA3C076839B069F5 /* CantioTests.swift */; };
		6CE9CDB5A7DB9C53EB47629B /* PreferencesMigrationTests.swift in Sources */ = {isa = PBXBuildFile; fileRef = B4066253DAE194334AFF8662 /* PreferencesMigrationTests.swift */; };
		6F527B7A6197D0061319EAE3 /* GlassStyleMigrationTests.swift in Sources */ = {isa = PBXBuildFile; fileRef = 1D240FE087D1E6A837008AA3 /* GlassStyleMigrationTests.swift */; };
		6F59629EE355B90D4B592142 /* SnapshotTesting in Frameworks */ = {isa = PBXBuildFile; productRef = 738458AACD425100CC1B3CDA /* SnapshotTesting */; };
		74E545A752A7A45C44177B26 /* test_pillCapsule_dark_solid_long.1.png in Resources */ = {isa = PBXBuildFile; fileRef = C48BD446BE6DD9D14A57F990 /* test_pillCapsule_dark_solid_long.1.png */; };
		80C062575D649579E61B47D3 /* LyricsServiceTests.swift in Sources */ = {isa = PBXBuildFile; fileRef = 75FE653652870CAA939E4D36 /* LyricsServiceTests.swift */; };
		8265E7C387EC589F1A3925FE /* test_pillCapsule_light_glass_short.1.png in Resources */ = {isa = PBXBuildFile; fileRef = 898F45F2B08E2DE2B510CBEA /* test_pillCapsule_light_glass_short.1.png */; };
		887E027B6F8F09227B1A8C73 /* LyricsStore.swift in Sources */ = {isa = PBXBuildFile; fileRef = 1763C33665227A0ABABC2A40 /* LyricsStore.swift */; };
		8A9208C7FCBDB832711C50E3 /* PlaybackControlTests.swift in Sources */ = {isa = PBXBuildFile; fileRef = CCFF82C5E8754D77F1F612EB /* PlaybackControlTests.swift */; };
		8F4D540D465B710231A1EF0E /* Tokens.swift in Sources */ = {isa = PBXBuildFile; fileRef = A9E7FD1E48B4E3B65A2A77F8 /* Tokens.swift */; };
		92FBFAA779DD23F7ABC6AF33 /* PreferencesView.swift in Sources */ = {isa = PBXBuildFile; fileRef = BBA708DBDD92F4F7DADE0518 /* PreferencesView.swift */; };
		94093F04D3293988F4C88081 /* test_pillCapsule_dark_solid_medium.1.png in Resources */ = {isa = PBXBuildFile; fileRef = E141AD413BD505B14CD4FEC5 /* test_pillCapsule_dark_solid_medium.1.png */; };
		98E43B3F1BD2D146C3EA1F70 /* test_pillCapsule_dark_glass.1.png in Resources */ = {isa = PBXBuildFile; fileRef = 0EACD902044C6E68196A07D1 /* test_pillCapsule_dark_glass.1.png */; };
		9A4FC4054D74B0D33186E616 /* FontSizeTests.swift in Sources */ = {isa = PBXBuildFile; fileRef = 96F158C06BC6616031F872ED /* FontSizeTests.swift */; };
		5CA07FD6326D8DFA7858FB76 /* SettingsActivatorTests.swift in Sources */ = {isa = PBXBuildFile; fileRef = 77D5D2FE37AAA11A0770A33A /* SettingsActivatorTests.swift */; };
		9C0C07D0407DFFE87AC8207B /* test_pillCapsule_dark_glass_medium.1.png in Resources */ = {isa = PBXBuildFile; fileRef = E5283BE27DF45807909549F1 /* test_pillCapsule_dark_glass_medium.1.png */; };
		A0B85F0E3A0E9FAA96045C97 /* FlowLayoutTests.swift in Sources */ = {isa = PBXBuildFile; fileRef = 4E1C7ED9F2B4C98FF342E687 /* FlowLayoutTests.swift */; };
		A960B696241B0065EB7E0288 /* SpotifyParserTests.swift in Sources */ = {isa = PBXBuildFile; fileRef = 7D239CDCEB5B0AD01F603AF5 /* SpotifyParserTests.swift */; };
		AACAC0A692BE1CFE36D60696 /* test_pillCapsule_light_glass_medium.1.png in Resources */ = {isa = PBXBuildFile; fileRef = 5948E7C0114649963CAAFE40 /* test_pillCapsule_light_glass_medium.1.png */; };
		AB3725683FA7FDD443FE3597 /* LyricsCacheTests.swift in Sources */ = {isa = PBXBuildFile; fileRef = 2EEA6DE4D32BAD559EBB8DD6 /* LyricsCacheTests.swift */; };
		AC4A77A2CB1A265C1EB34A9F /* LyricsService.swift in Sources */ = {isa = PBXBuildFile; fileRef = 8BF203A672DE2636379F500D /* LyricsService.swift */; };
		AF8E417F0CCAF785CC0A5022 /* test_pillCapsule_light_solid_long.1.png in Resources */ = {isa = PBXBuildFile; fileRef = 9BEECDE6AF92C0A7B5D17840 /* test_pillCapsule_light_solid_long.1.png */; };
		B23D490560F4C8E98F6E48E2 /* LRCParser.swift in Sources */ = {isa = PBXBuildFile; fileRef = D99E944F2511C3CFE982729C /* LRCParser.swift */; };
		B39BB5018B70E1099305A70B /* PillCapsuleShadowLeakTests.swift in Sources */ = {isa = PBXBuildFile; fileRef = 29B286F31B0505A9F5ED80A2 /* PillCapsuleShadowLeakTests.swift */; };
		B959989D8719EEBE3335A154 /* LRCParserTests.swift in Sources */ = {isa = PBXBuildFile; fileRef = 90257AEB51D9B6EB5F77253C /* LRCParserTests.swift */; };
		B9A6775786653020EE4D7450 /* test_pillCapsule_light_glass_long.1.png in Resources */ = {isa = PBXBuildFile; fileRef = 41A9AA2FCBE8A234DB40EA6F /* test_pillCapsule_light_glass_long.1.png */; };
		BAF3ED9C872CBDB2DFB8C427 /* EffectiveClickThroughTests.swift in Sources */ = {isa = PBXBuildFile; fileRef = 7C341C9D76A1F0508921B7CC /* EffectiveClickThroughTests.swift */; };
		BB5160647676AE8D6147E8B2 /* FloatingLyricsWindow.swift in Sources */ = {isa = PBXBuildFile; fileRef = 58DFD7E4CBA6AC8E76F61337 /* FloatingLyricsWindow.swift */; };
		A1B2C3D4E5F60718293A4B02 /* DragSnap.swift in Sources */ = {isa = PBXBuildFile; fileRef = A1B2C3D4E5F60718293A4B01 /* DragSnap.swift */; };
		A1B2C3D4E5F60718293A4B04 /* DragGuideOverlay.swift in Sources */ = {isa = PBXBuildFile; fileRef = A1B2C3D4E5F60718293A4B03 /* DragGuideOverlay.swift */; };
		A1B2C3D4E5F60718293A4C02 /* DragSnapTests.swift in Sources */ = {isa = PBXBuildFile; fileRef = A1B2C3D4E5F60718293A4C01 /* DragSnapTests.swift */; };
		C1CDF2AD1DDB56CC82CB7B4D /* test_lyricsContent_floating_glass_dark.1.png in Resources */ = {isa = PBXBuildFile; fileRef = 615D01210283462662939B6F /* test_lyricsContent_floating_glass_dark.1.png */; };
		CBBD40EEF40E2BBD4F4A8932 /* CantioIcon.swift in Sources */ = {isa = PBXBuildFile; fileRef = 805895C7E283B2A97ABCEAF1 /* CantioIcon.swift */; };
		D005B0D14D43093E93C9E1BA /* test_pillCapsule_dark_glass_long.1.png in Resources */ = {isa = PBXBuildFile; fileRef = 5DB315D7A6379D8F9D91B6A8 /* test_pillCapsule_dark_glass_long.1.png */; };
		D05000E09B6F925E53C74D05 /* UpdateController.swift in Sources */ = {isa = PBXBuildFile; fileRef = AED8DBA0EE2AEECA0DA71DAE /* UpdateController.swift */; };
		D3B7CACFEE15A23F86F2C8FD /* test_pillCapsule_light_solid_medium.1.png in Resources */ = {isa = PBXBuildFile; fileRef = ACB0A9CB96F6468F8E5118BC /* test_pillCapsule_light_solid_medium.1.png */; };
		D530605B4566B8F42DE2FFCA /* LyricsContentViewSnapshotTests.swift in Sources */ = {isa = PBXBuildFile; fileRef = 4B03AD69AE8A072393965260 /* LyricsContentViewSnapshotTests.swift */; };
		D77661BC4CC4FE117BF91B60 /* test_pillCapsule_dark_solid_short.1.png in Resources */ = {isa = PBXBuildFile; fileRef = 5E98C21EB7B4D4E3C52C26E0 /* test_pillCapsule_dark_solid_short.1.png */; };
		E5FB96438974D93281E7E8D0 /* test_pillCapsule_light_glass.1.png in Resources */ = {isa = PBXBuildFile; fileRef = FB49C7AA2338B1EA3513B262 /* test_pillCapsule_light_glass.1.png */; };
		EE9F46DDCB33E26BB4A85D22 /* LyricLineActiveIndexTests.swift in Sources */ = {isa = PBXBuildFile; fileRef = 965B815EE366B502DE6C661B /* LyricLineActiveIndexTests.swift */; };
		F0B032E65C99C56516B2CDB8 /* HotKey.swift in Sources */ = {isa = PBXBuildFile; fileRef = 02ED958E28D3377CCC675703 /* HotKey.swift */; };
		F58A3166D42C86D067ACFAB4 /* HotKeyRecorder.swift in Sources */ = {isa = PBXBuildFile; fileRef = D20AAD06EF6548EEC0326DC8 /* HotKeyRecorder.swift */; };
		F9B84A122056D74BB95E7359 /* test_pillCapsule_dark_glass_inactive.1.png in Resources */ = {isa = PBXBuildFile; fileRef = 6D9BC1D6BBB862313064AC9B /* test_pillCapsule_dark_glass_inactive.1.png */; };
		FC90294A4DA9F1AD35538393 /* ExtrapolatePositionTests.swift in Sources */ = {isa = PBXBuildFile; fileRef = 73A60FEC9E9290D971A10462 /* ExtrapolatePositionTests.swift */; };
/* End PBXBuildFile section */

/* Begin PBXContainerItemProxy section */
		707F34FCBCA9BC10BBE531E7 /* PBXContainerItemProxy */ = {
			isa = PBXContainerItemProxy;
			containerPortal = 05E9A42783B51D68FA0F618D /* Project object */;
			proxyType = 1;
			remoteGlobalIDString = A7835E0A0B9ED2CA5C7A5281;
			remoteInfo = Cantio;
		};
/* End PBXContainerItemProxy section */

/* Begin PBXFileReference section */
		006DBF2BEEF18971C88B1DDC /* test_pillCapsule_dark_glass_short.1.png */ = {isa = PBXFileReference; lastKnownFileType = image.png; path = test_pillCapsule_dark_glass_short.1.png; sourceTree = "<group>"; };
		02ED958E28D3377CCC675703 /* HotKey.swift */ = {isa = PBXFileReference; lastKnownFileType = sourcecode.swift; path = HotKey.swift; sourceTree = "<group>"; };
		09F9940E15947E74FF3EECDC /* CantioApp.swift */ = {isa = PBXFileReference; lastKnownFileType = sourcecode.swift; path = CantioApp.swift; sourceTree = "<group>"; };
		0CA18D8FABF82CCE2AE07C54 /* CantioTests.xctest */ = {isa = PBXFileReference; explicitFileType = wrapper.cfbundle; includeInIndex = 0; path = CantioTests.xctest; sourceTree = BUILT_PRODUCTS_DIR; };
		0EACD902044C6E68196A07D1 /* test_pillCapsule_dark_glass.1.png */ = {isa = PBXFileReference; lastKnownFileType = image.png; path = test_pillCapsule_dark_glass.1.png; sourceTree = "<group>"; };
		149144520AF6EC3FC7A395B3 /* LyricPositionTests.swift */ = {isa = PBXFileReference; lastKnownFileType = sourcecode.swift; path = LyricPositionTests.swift; sourceTree = "<group>"; };
		15C343AEA8C1043F37E09B86 /* Preferences.swift */ = {isa = PBXFileReference; lastKnownFileType = sourcecode.swift; path = Preferences.swift; sourceTree = "<group>"; };
		1763C33665227A0ABABC2A40 /* LyricsStore.swift */ = {isa = PBXFileReference; lastKnownFileType = sourcecode.swift; path = LyricsStore.swift; sourceTree = "<group>"; };
		1767A35D842857D3A56A7C1E /* Cantio.entitlements */ = {isa = PBXFileReference; lastKnownFileType = text.plist.entitlements; path = Cantio.entitlements; sourceTree = "<group>"; };
		1853290EDED3FFB04F5F8432 /* Assets.xcassets */ = {isa = PBXFileReference; lastKnownFileType = folder.assetcatalog; path = Assets.xcassets; sourceTree = "<group>"; };
		1D240FE087D1E6A837008AA3 /* GlassStyleMigrationTests.swift */ = {isa = PBXFileReference; lastKnownFileType = sourcecode.swift; path = GlassStyleMigrationTests.swift; sourceTree = "<group>"; };
		29B286F31B0505A9F5ED80A2 /* PillCapsuleShadowLeakTests.swift */ = {isa = PBXFileReference; lastKnownFileType = sourcecode.swift; path = PillCapsuleShadowLeakTests.swift; sourceTree = "<group>"; };
		2EEA6DE4D32BAD559EBB8DD6 /* LyricsCacheTests.swift */ = {isa = PBXFileReference; lastKnownFileType = sourcecode.swift; path = LyricsCacheTests.swift; sourceTree = "<group>"; };
		311193D96022FFDD167967DE /* LyricsContentView.swift */ = {isa = PBXFileReference; lastKnownFileType = sourcecode.swift; path = LyricsContentView.swift; sourceTree = "<group>"; };
		3DBEEC1D0436B931F17D6212 /* LyricsCache.swift */ = {isa = PBXFileReference; lastKnownFileType = sourcecode.swift; path = LyricsCache.swift; sourceTree = "<group>"; };
		41A9AA2FCBE8A234DB40EA6F /* test_pillCapsule_light_glass_long.1.png */ = {isa = PBXFileReference; lastKnownFileType = image.png; path = test_pillCapsule_light_glass_long.1.png; sourceTree = "<group>"; };
		4B03AD69AE8A072393965260 /* LyricsContentViewSnapshotTests.swift */ = {isa = PBXFileReference; lastKnownFileType = sourcecode.swift; path = LyricsContentViewSnapshotTests.swift; sourceTree = "<group>"; };
		4BD7D3B2CF500285D3C78D7E /* test_pillCapsule_dark_solid.1.png */ = {isa = PBXFileReference; lastKnownFileType = image.png; path = test_pillCapsule_dark_solid.1.png; sourceTree = "<group>"; };
		4E1C7ED9F2B4C98FF342E687 /* FlowLayoutTests.swift */ = {isa = PBXFileReference; lastKnownFileType = sourcecode.swift; path = FlowLayoutTests.swift; sourceTree = "<group>"; };
		4F3C01DBD56EC2ECEC7BD136 /* test_pillCapsule_light_solid_short.1.png */ = {isa = PBXFileReference; lastKnownFileType = image.png; path = test_pillCapsule_light_solid_short.1.png; sourceTree = "<group>"; };
		551B78748B56B3BB2E9DDF6B /* test_menuBarPanel_light_emptyState.1.png */ = {isa = PBXFileReference; lastKnownFileType = image.png; path = test_menuBarPanel_light_emptyState.1.png; sourceTree = "<group>"; };
		58DFD7E4CBA6AC8E76F61337 /* FloatingLyricsWindow.swift */ = {isa = PBXFileReference; lastKnownFileType = sourcecode.swift; path = FloatingLyricsWindow.swift; sourceTree = "<group>"; };
		A1B2C3D4E5F60718293A4B01 /* DragSnap.swift */ = {isa = PBXFileReference; lastKnownFileType = sourcecode.swift; path = DragSnap.swift; sourceTree = "<group>"; };
		A1B2C3D4E5F60718293A4B03 /* DragGuideOverlay.swift */ = {isa = PBXFileReference; lastKnownFileType = sourcecode.swift; path = DragGuideOverlay.swift; sourceTree = "<group>"; };
		A1B2C3D4E5F60718293A4C01 /* DragSnapTests.swift */ = {isa = PBXFileReference; lastKnownFileType = sourcecode.swift; path = DragSnapTests.swift; sourceTree = "<group>"; };
		5948E7C0114649963CAAFE40 /* test_pillCapsule_light_glass_medium.1.png */ = {isa = PBXFileReference; lastKnownFileType = image.png; path = test_pillCapsule_light_glass_medium.1.png; sourceTree = "<group>"; };
		5DB315D7A6379D8F9D91B6A8 /* test_pillCapsule_dark_glass_long.1.png */ = {isa = PBXFileReference; lastKnownFileType = image.png; path = test_pillCapsule_dark_glass_long.1.png; sourceTree = "<group>"; };
		5E98C21EB7B4D4E3C52C26E0 /* test_pillCapsule_dark_solid_short.1.png */ = {isa = PBXFileReference; lastKnownFileType = image.png; path = test_pillCapsule_dark_solid_short.1.png; sourceTree = "<group>"; };
		615D01210283462662939B6F /* test_lyricsContent_floating_glass_dark.1.png */ = {isa = PBXFileReference; lastKnownFileType = image.png; path = test_lyricsContent_floating_glass_dark.1.png; sourceTree = "<group>"; };
		6B6E9552BE39CECB5BDCDF44 /* SpotifyMonitor.swift */ = {isa = PBXFileReference; lastKnownFileType = sourcecode.swift; path = SpotifyMonitor.swift; sourceTree = "<group>"; };
		6D22FA0799314AA24CA8C017 /* MenuBarPanel.swift */ = {isa = PBXFileReference; lastKnownFileType = sourcecode.swift; path = MenuBarPanel.swift; sourceTree = "<group>"; };
		6D22FA0799314AA24CA8C018 /* StatusBarPopover.swift */ = {isa = PBXFileReference; lastKnownFileType = sourcecode.swift; path = StatusBarPopover.swift; sourceTree = "<group>"; };
		6D9BC1D6BBB862313064AC9B /* test_pillCapsule_dark_glass_inactive.1.png */ = {isa = PBXFileReference; lastKnownFileType = image.png; path = test_pillCapsule_dark_glass_inactive.1.png; sourceTree = "<group>"; };
		738DC9A427DCACCCA78C93D4 /* Lyrics.swift */ = {isa = PBXFileReference; lastKnownFileType = sourcecode.swift; path = Lyrics.swift; sourceTree = "<group>"; };
		73A60FEC9E9290D971A10462 /* ExtrapolatePositionTests.swift */ = {isa = PBXFileReference; lastKnownFileType = sourcecode.swift; path = ExtrapolatePositionTests.swift; sourceTree = "<group>"; };
		75FE653652870CAA939E4D36 /* LyricsServiceTests.swift */ = {isa = PBXFileReference; lastKnownFileType = sourcecode.swift; path = LyricsServiceTests.swift; sourceTree = "<group>"; };
		7C341C9D76A1F0508921B7CC /* EffectiveClickThroughTests.swift */ = {isa = PBXFileReference; lastKnownFileType = sourcecode.swift; path = EffectiveClickThroughTests.swift; sourceTree = "<group>"; };
		7D239CDCEB5B0AD01F603AF5 /* SpotifyParserTests.swift */ = {isa = PBXFileReference; lastKnownFileType = sourcecode.swift; path = SpotifyParserTests.swift; sourceTree = "<group>"; };
		7F49DAC34251F7317C390A0B /* FloatingLyricsController.swift */ = {isa = PBXFileReference; lastKnownFileType = sourcecode.swift; path = FloatingLyricsController.swift; sourceTree = "<group>"; };
		80312E3E509BBE8B2803F718 /* HotKeyManager.swift */ = {isa = PBXFileReference; lastKnownFileType = sourcecode.swift; path = HotKeyManager.swift; sourceTree = "<group>"; };
		805895C7E283B2A97ABCEAF1 /* CantioIcon.swift */ = {isa = PBXFileReference; lastKnownFileType = sourcecode.swift; path = CantioIcon.swift; sourceTree = "<group>"; };
		898F45F2B08E2DE2B510CBEA /* test_pillCapsule_light_glass_short.1.png */ = {isa = PBXFileReference; lastKnownFileType = image.png; path = test_pillCapsule_light_glass_short.1.png; sourceTree = "<group>"; };
		8BF203A672DE2636379F500D /* LyricsService.swift */ = {isa = PBXFileReference; lastKnownFileType = sourcecode.swift; path = LyricsService.swift; sourceTree = "<group>"; };
		90257AEB51D9B6EB5F77253C /* LRCParserTests.swift */ = {isa = PBXFileReference; lastKnownFileType = sourcecode.swift; path = LRCParserTests.swift; sourceTree = "<group>"; };
		965B815EE366B502DE6C661B /* LyricLineActiveIndexTests.swift */ = {isa = PBXFileReference; lastKnownFileType = sourcecode.swift; path = LyricLineActiveIndexTests.swift; sourceTree = "<group>"; };
		96F158C06BC6616031F872ED /* FontSizeTests.swift */ = {isa = PBXFileReference; lastKnownFileType = sourcecode.swift; path = FontSizeTests.swift; sourceTree = "<group>"; };
		77D5D2FE37AAA11A0770A33A /* SettingsActivatorTests.swift */ = {isa = PBXFileReference; lastKnownFileType = sourcecode.swift; path = SettingsActivatorTests.swift; sourceTree = "<group>"; };
		99A35BD2D6C698AA3EBD7F7A /* Cantio.app */ = {isa = PBXFileReference; explicitFileType = wrapper.application; includeInIndex = 0; path = Cantio.app; sourceTree = BUILT_PRODUCTS_DIR; };
		9BEECDE6AF92C0A7B5D17840 /* test_pillCapsule_light_solid_long.1.png */ = {isa = PBXFileReference; lastKnownFileType = image.png; path = test_pillCapsule_light_solid_long.1.png; sourceTree = "<group>"; };
		A7B1768B2F790BC6C74F2512 /* MenuBarPanelSnapshotTests.swift */ = {isa = PBXFileReference; lastKnownFileType = sourcecode.swift; path = MenuBarPanelSnapshotTests.swift; sourceTree = "<group>"; };
		A9E7FD1E48B4E3B65A2A77F8 /* Tokens.swift */ = {isa = PBXFileReference; lastKnownFileType = sourcecode.swift; path = Tokens.swift; sourceTree = "<group>"; };
		ABF8AA031D6B3676181729F9 /* PillCapsuleSnapshotTests.swift */ = {isa = PBXFileReference; lastKnownFileType = sourcecode.swift; path = PillCapsuleSnapshotTests.swift; sourceTree = "<group>"; };
		ACB0A9CB96F6468F8E5118BC /* test_pillCapsule_light_solid_medium.1.png */ = {isa = PBXFileReference; lastKnownFileType = image.png; path = test_pillCapsule_light_solid_medium.1.png; sourceTree = "<group>"; };
		AED8DBA0EE2AEECA0DA71DAE /* UpdateController.swift */ = {isa = PBXFileReference; lastKnownFileType = sourcecode.swift; path = UpdateController.swift; sourceTree = "<group>"; };
		B0112047A8D80327EC24732B /* test_menuBarPanel_dark_emptyState.1.png */ = {isa = PBXFileReference; lastKnownFileType = image.png; path = test_menuBarPanel_dark_emptyState.1.png; sourceTree = "<group>"; };
		B4066253DAE194334AFF8662 /* PreferencesMigrationTests.swift */ = {isa = PBXFileReference; lastKnownFileType = sourcecode.swift; path = PreferencesMigrationTests.swift; sourceTree = "<group>"; };
		B8F6788BDA3C076839B069F5 /* CantioTests.swift */ = {isa = PBXFileReference; lastKnownFileType = sourcecode.swift; path = CantioTests.swift; sourceTree = "<group>"; };
		BBA708DBDD92F4F7DADE0518 /* PreferencesView.swift */ = {isa = PBXFileReference; lastKnownFileType = sourcecode.swift; path = PreferencesView.swift; sourceTree = "<group>"; };
		C48BD446BE6DD9D14A57F990 /* test_pillCapsule_dark_solid_long.1.png */ = {isa = PBXFileReference; lastKnownFileType = image.png; path = test_pillCapsule_dark_solid_long.1.png; sourceTree = "<group>"; };
		CCFF82C5E8754D77F1F612EB /* PlaybackControlTests.swift */ = {isa = PBXFileReference; lastKnownFileType = sourcecode.swift; path = PlaybackControlTests.swift; sourceTree = "<group>"; };
		D20AAD06EF6548EEC0326DC8 /* HotKeyRecorder.swift */ = {isa = PBXFileReference; lastKnownFileType = sourcecode.swift; path = HotKeyRecorder.swift; sourceTree = "<group>"; };
		D99E944F2511C3CFE982729C /* LRCParser.swift */ = {isa = PBXFileReference; lastKnownFileType = sourcecode.swift; path = LRCParser.swift; sourceTree = "<group>"; };
		DFF3CCEAC343576E261670E7 /* SpotifyPermission.swift */ = {isa = PBXFileReference; lastKnownFileType = sourcecode.swift; path = SpotifyPermission.swift; sourceTree = "<group>"; };
		E141AD413BD505B14CD4FEC5 /* test_pillCapsule_dark_solid_medium.1.png */ = {isa = PBXFileReference; lastKnownFileType = image.png; path = test_pillCapsule_dark_solid_medium.1.png; sourceTree = "<group>"; };
		E217993E1F526FDF1A6A1595 /* HotKeyTests.swift */ = {isa = PBXFileReference; lastKnownFileType = sourcecode.swift; path = HotKeyTests.swift; sourceTree = "<group>"; };
		E5283BE27DF45807909549F1 /* test_pillCapsule_dark_glass_medium.1.png */ = {isa = PBXFileReference; lastKnownFileType = image.png; path = test_pillCapsule_dark_glass_medium.1.png; sourceTree = "<group>"; };
		E74AD85B3B4C457CEFC8F071 /* LyricsStoreTests.swift */ = {isa = PBXFileReference; lastKnownFileType = sourcecode.swift; path = LyricsStoreTests.swift; sourceTree = "<group>"; };
		FB49C7AA2338B1EA3513B262 /* test_pillCapsule_light_glass.1.png */ = {isa = PBXFileReference; lastKnownFileType = image.png; path = test_pillCapsule_light_glass.1.png; sourceTree = "<group>"; };
		FF9E8186C29B584CB5E1ED2E /* NowPlaying.swift */ = {isa = PBXFileReference; lastKnownFileType = sourcecode.swift; path = NowPlaying.swift; sourceTree = "<group>"; };
/* End PBXFileReference section */

/* Begin PBXFrameworksBuildPhase section */
		36E435604FD543BD3A2F2192 /* Frameworks */ = {
			isa = PBXFrameworksBuildPhase;
			buildActionMask = 2147483647;
			files = (
				6F59629EE355B90D4B592142 /* SnapshotTesting in Frameworks */,
			);
			runOnlyForDeploymentPostprocessing = 0;
		};
		86A794802C3BB3959C146044 /* Frameworks */ = {
			isa = PBXFrameworksBuildPhase;
			buildActionMask = 2147483647;
			files = (
				6163A3FCCCC78117D7E8EE03 /* Sparkle in Frameworks */,
			);
			runOnlyForDeploymentPostprocessing = 0;
		};
/* End PBXFrameworksBuildPhase section */

/* Begin PBXGroup section */
		0209159C84F04670722A3193 /* CantioTests */ = {
			isa = PBXGroup;
			children = (
				B8F6788BDA3C076839B069F5 /* CantioTests.swift */,
				6E621BB450195A77B3E324F8 /* Lyrics */,
				C2B3090BB3DF3D3502938E20 /* Settings */,
				07517CE6AF5C4A3765D43BE6 /* Snapshots */,
				DA3C231D7E578345547C1165 /* Spotify */,
				F366B07477EBDB04CCD10C59 /* Window */,
			);
			path = CantioTests;
			sourceTree = "<group>";
		};
		07517CE6AF5C4A3765D43BE6 /* Snapshots */ = {
			isa = PBXGroup;
			children = (
				4B03AD69AE8A072393965260 /* LyricsContentViewSnapshotTests.swift */,
				A7B1768B2F790BC6C74F2512 /* MenuBarPanelSnapshotTests.swift */,
				29B286F31B0505A9F5ED80A2 /* PillCapsuleShadowLeakTests.swift */,
				ABF8AA031D6B3676181729F9 /* PillCapsuleSnapshotTests.swift */,
				6C24B03044B92D91B996E73F /* __Snapshots__ */,
			);
			path = Snapshots;
			sourceTree = "<group>";
		};
		34F55CF2D335DF64908496BD /* Hotkey */ = {
			isa = PBXGroup;
			children = (
				02ED958E28D3377CCC675703 /* HotKey.swift */,
				80312E3E509BBE8B2803F718 /* HotKeyManager.swift */,
				D20AAD06EF6548EEC0326DC8 /* HotKeyRecorder.swift */,
			);
			path = Hotkey;
			sourceTree = "<group>";
		};
		397AA90597D685950C71BB90 /* LyricsContentViewSnapshotTests */ = {
			isa = PBXGroup;
			children = (
				615D01210283462662939B6F /* test_lyricsContent_floating_glass_dark.1.png */,
			);
			path = LyricsContentViewSnapshotTests;
			sourceTree = "<group>";
		};
		4AE690A933C7DCB8711E35F3 /* Lyrics */ = {
			isa = PBXGroup;
			children = (
				D99E944F2511C3CFE982729C /* LRCParser.swift */,
				738DC9A427DCACCCA78C93D4 /* Lyrics.swift */,
				3DBEEC1D0436B931F17D6212 /* LyricsCache.swift */,
				8BF203A672DE2636379F500D /* LyricsService.swift */,
				1763C33665227A0ABABC2A40 /* LyricsStore.swift */,
			);
			path = Lyrics;
			sourceTree = "<group>";
		};
		682FF27ECF4EF674884C3769 /* Updates */ = {
			isa = PBXGroup;
			children = (
				AED8DBA0EE2AEECA0DA71DAE /* UpdateController.swift */,
			);
			path = Updates;
			sourceTree = "<group>";
		};
		6C24B03044B92D91B996E73F /* __Snapshots__ */ = {
			isa = PBXGroup;
			children = (
				397AA90597D685950C71BB90 /* LyricsContentViewSnapshotTests */,
				B47B2FD10F5A472654D7B05F /* MenuBarPanelSnapshotTests */,
				C0400E9D8F25B5AD9DCACC32 /* PillCapsuleSnapshotTests */,
			);
			path = __Snapshots__;
			sourceTree = "<group>";
		};
		6E621BB450195A77B3E324F8 /* Lyrics */ = {
			isa = PBXGroup;
			children = (
				90257AEB51D9B6EB5F77253C /* LRCParserTests.swift */,
				965B815EE366B502DE6C661B /* LyricLineActiveIndexTests.swift */,
				149144520AF6EC3FC7A395B3 /* LyricPositionTests.swift */,
				2EEA6DE4D32BAD559EBB8DD6 /* LyricsCacheTests.swift */,
				75FE653652870CAA939E4D36 /* LyricsServiceTests.swift */,
				E74AD85B3B4C457CEFC8F071 /* LyricsStoreTests.swift */,
			);
			path = Lyrics;
			sourceTree = "<group>";
		};
		A3AA00FD03DCF832001EB6EC /* Products */ = {
			isa = PBXGroup;
			children = (
				99A35BD2D6C698AA3EBD7F7A /* Cantio.app */,
				0CA18D8FABF82CCE2AE07C54 /* CantioTests.xctest */,
			);
			name = Products;
			sourceTree = "<group>";
		};
		AF4A8AC41D11267A32613BCD /* Settings */ = {
			isa = PBXGroup;
			children = (
				15C343AEA8C1043F37E09B86 /* Preferences.swift */,
				BBA708DBDD92F4F7DADE0518 /* PreferencesView.swift */,
			);
			path = Settings;
			sourceTree = "<group>";
		};
		B47B2FD10F5A472654D7B05F /* MenuBarPanelSnapshotTests */ = {
			isa = PBXGroup;
			children = (
				B0112047A8D80327EC24732B /* test_menuBarPanel_dark_emptyState.1.png */,
				551B78748B56B3BB2E9DDF6B /* test_menuBarPanel_light_emptyState.1.png */,
			);
			path = MenuBarPanelSnapshotTests;
			sourceTree = "<group>";
		};
		C0400E9D8F25B5AD9DCACC32 /* PillCapsuleSnapshotTests */ = {
			isa = PBXGroup;
			children = (
				6D9BC1D6BBB862313064AC9B /* test_pillCapsule_dark_glass_inactive.1.png */,
				5DB315D7A6379D8F9D91B6A8 /* test_pillCapsule_dark_glass_long.1.png */,
				E5283BE27DF45807909549F1 /* test_pillCapsule_dark_glass_medium.1.png */,
				006DBF2BEEF18971C88B1DDC /* test_pillCapsule_dark_glass_short.1.png */,
				0EACD902044C6E68196A07D1 /* test_pillCapsule_dark_glass.1.png */,
				C48BD446BE6DD9D14A57F990 /* test_pillCapsule_dark_solid_long.1.png */,
				E141AD413BD505B14CD4FEC5 /* test_pillCapsule_dark_solid_medium.1.png */,
				5E98C21EB7B4D4E3C52C26E0 /* test_pillCapsule_dark_solid_short.1.png */,
				4BD7D3B2CF500285D3C78D7E /* test_pillCapsule_dark_solid.1.png */,
				41A9AA2FCBE8A234DB40EA6F /* test_pillCapsule_light_glass_long.1.png */,
				5948E7C0114649963CAAFE40 /* test_pillCapsule_light_glass_medium.1.png */,
				898F45F2B08E2DE2B510CBEA /* test_pillCapsule_light_glass_short.1.png */,
				FB49C7AA2338B1EA3513B262 /* test_pillCapsule_light_glass.1.png */,
				9BEECDE6AF92C0A7B5D17840 /* test_pillCapsule_light_solid_long.1.png */,
				ACB0A9CB96F6468F8E5118BC /* test_pillCapsule_light_solid_medium.1.png */,
				4F3C01DBD56EC2ECEC7BD136 /* test_pillCapsule_light_solid_short.1.png */,
			);
			path = PillCapsuleSnapshotTests;
			sourceTree = "<group>";
		};
		C189E9822DC0406C40D94D4E /* Window */ = {
			isa = PBXGroup;
			children = (
				7F49DAC34251F7317C390A0B /* FloatingLyricsController.swift */,
				58DFD7E4CBA6AC8E76F61337 /* FloatingLyricsWindow.swift */,
				A1B2C3D4E5F60718293A4B01 /* DragSnap.swift */,
				A1B2C3D4E5F60718293A4B03 /* DragGuideOverlay.swift */,
				311193D96022FFDD167967DE /* LyricsContentView.swift */,
			);
			path = Window;
			sourceTree = "<group>";
		};
		C2B3090BB3DF3D3502938E20 /* Settings */ = {
			isa = PBXGroup;
			children = (
				96F158C06BC6616031F872ED /* FontSizeTests.swift */,
				1D240FE087D1E6A837008AA3 /* GlassStyleMigrationTests.swift */,
				B4066253DAE194334AFF8662 /* PreferencesMigrationTests.swift */,
				77D5D2FE37AAA11A0770A33A /* SettingsActivatorTests.swift */,
			);
			path = Settings;
			sourceTree = "<group>";
		};
		C36393A070DBB12F44F225EE /* Cantio */ = {
			isa = PBXGroup;
			children = (
				1853290EDED3FFB04F5F8432 /* Assets.xcassets */,
				1767A35D842857D3A56A7C1E /* Cantio.entitlements */,
				09F9940E15947E74FF3EECDC /* CantioApp.swift */,
				6D22FA0799314AA24CA8C017 /* MenuBarPanel.swift */,
				6D22FA0799314AA24CA8C018 /* StatusBarPopover.swift */,
				EDD90D31AC2A9D8D0684F067 /* Design */,
				34F55CF2D335DF64908496BD /* Hotkey */,
				4AE690A933C7DCB8711E35F3 /* Lyrics */,
				AF4A8AC41D11267A32613BCD /* Settings */,
				F9048C3A0E4F391ED1751CB7 /* Spotify */,
				682FF27ECF4EF674884C3769 /* Updates */,
				C189E9822DC0406C40D94D4E /* Window */,
			);
			path = Cantio;
			sourceTree = "<group>";
		};
		C6AD1E375ACE56846F1DB05C = {
			isa = PBXGroup;
			children = (
				C36393A070DBB12F44F225EE /* Cantio */,
				0209159C84F04670722A3193 /* CantioTests */,
				A3AA00FD03DCF832001EB6EC /* Products */,
			);
			sourceTree = "<group>";
		};
		DA3C231D7E578345547C1165 /* Spotify */ = {
			isa = PBXGroup;
			children = (
				73A60FEC9E9290D971A10462 /* ExtrapolatePositionTests.swift */,
				CCFF82C5E8754D77F1F612EB /* PlaybackControlTests.swift */,
				7D239CDCEB5B0AD01F603AF5 /* SpotifyParserTests.swift */,
			);
			path = Spotify;
			sourceTree = "<group>";
		};
		EDD90D31AC2A9D8D0684F067 /* Design */ = {
			isa = PBXGroup;
			children = (
				805895C7E283B2A97ABCEAF1 /* CantioIcon.swift */,
				A9E7FD1E48B4E3B65A2A77F8 /* Tokens.swift */,
			);
			path = Design;
			sourceTree = "<group>";
		};
		F366B07477EBDB04CCD10C59 /* Window */ = {
			isa = PBXGroup;
			children = (
				7C341C9D76A1F0508921B7CC /* EffectiveClickThroughTests.swift */,
				A1B2C3D4E5F60718293A4C01 /* DragSnapTests.swift */,
				4E1C7ED9F2B4C98FF342E687 /* FlowLayoutTests.swift */,
				E217993E1F526FDF1A6A1595 /* HotKeyTests.swift */,
			);
			path = Window;
			sourceTree = "<group>";
		};
		F9048C3A0E4F391ED1751CB7 /* Spotify */ = {
			isa = PBXGroup;
			children = (
				FF9E8186C29B584CB5E1ED2E /* NowPlaying.swift */,
				6B6E9552BE39CECB5BDCDF44 /* SpotifyMonitor.swift */,
				DFF3CCEAC343576E261670E7 /* SpotifyPermission.swift */,
			);
			path = Spotify;
			sourceTree = "<group>";
		};
/* End PBXGroup section */

/* Begin PBXNativeTarget section */
		3F42C0915C376796D484FD38 /* CantioTests */ = {
			isa = PBXNativeTarget;
			buildConfigurationList = 7549E1172D81C03FB8B2B5CF /* Build configuration list for PBXNativeTarget "CantioTests" */;
			buildPhases = (
				8455CDA24B24A0F986670354 /* Sources */,
				910DE79779D26AE3FF7A8268 /* Resources */,
				36E435604FD543BD3A2F2192 /* Frameworks */,
			);
			buildRules = (
			);
			dependencies = (
				F5C594C94BB8D5EB6F407F0C /* PBXTargetDependency */,
			);
			name = CantioTests;
			packageProductDependencies = (
				738458AACD425100CC1B3CDA /* SnapshotTesting */,
			);
			productName = CantioTests;
			productReference = 0CA18D8FABF82CCE2AE07C54 /* CantioTests.xctest */;
			productType = "com.apple.product-type.bundle.unit-test";
		};
		A7835E0A0B9ED2CA5C7A5281 /* Cantio */ = {
			isa = PBXNativeTarget;
			buildConfigurationList = 5A6A41AA457C05E5FB8B4DDF /* Build configuration list for PBXNativeTarget "Cantio" */;
			buildPhases = (
				8C749470F473045D828C284F /* Sources */,
				B531ED102022CE5928A1AAAD /* Resources */,
				86A794802C3BB3959C146044 /* Frameworks */,
			);
			buildRules = (
			);
			dependencies = (
			);
			name = Cantio;
			packageProductDependencies = (
				FDF12CD0693717979BC141B5 /* Sparkle */,
			);
			productName = Cantio;
			productReference = 99A35BD2D6C698AA3EBD7F7A /* Cantio.app */;
			productType = "com.apple.product-type.application";
		};
/* End PBXNativeTarget section */

/* Begin PBXProject section */
		05E9A42783B51D68FA0F618D /* Project object */ = {
			isa = PBXProject;
			attributes = {
				BuildIndependentTargetsInParallel = YES;
				LastUpgradeCheck = 1430;
				TargetAttributes = {
					3F42C0915C376796D484FD38 = {
						DevelopmentTeam = "";
						ProvisioningStyle = Manual;
					};
					A7835E0A0B9ED2CA5C7A5281 = {
						DevelopmentTeam = "";
						ProvisioningStyle = Manual;
					};
				};
			};
			buildConfigurationList = FA62EFCC2BBF82EF49D04D4E /* Build configuration list for PBXProject "Cantio" */;
			developmentRegion = en;
			hasScannedForEncodings = 0;
			knownRegions = (
				Base,
				en,
			);
			mainGroup = C6AD1E375ACE56846F1DB05C;
			minimizedProjectReferenceProxies = 1;
			packageReferences = (
				95DB7F13DD134C65F0DD76B7 /* XCRemoteSwiftPackageReference "swift-snapshot-testing" */,
				A92DD6AEE9E035127BC67684 /* XCRemoteSwiftPackageReference "Sparkle" */,
			);
			preferredProjectObjectVersion = 77;
			productRefGroup = A3AA00FD03DCF832001EB6EC /* Products */;
			projectDirPath = "";
			projectRoot = "";
			targets = (
				A7835E0A0B9ED2CA5C7A5281 /* Cantio */,
				3F42C0915C376796D484FD38 /* CantioTests */,
			);
		};
/* End PBXProject section */

/* Begin PBXResourcesBuildPhase section */
		910DE79779D26AE3FF7A8268 /* Resources */ = {
			isa = PBXResourcesBuildPhase;
			buildActionMask = 2147483647;
			files = (
				C1CDF2AD1DDB56CC82CB7B4D /* test_lyricsContent_floating_glass_dark.1.png in Resources */,
				4FF4B58F9CA9A929C5AF8652 /* test_menuBarPanel_dark_emptyState.1.png in Resources */,
				2B1E3789310190D68A03CB7A /* test_menuBarPanel_light_emptyState.1.png in Resources */,
				98E43B3F1BD2D146C3EA1F70 /* test_pillCapsule_dark_glass.1.png in Resources */,
				F9B84A122056D74BB95E7359 /* test_pillCapsule_dark_glass_inactive.1.png in Resources */,
				D005B0D14D43093E93C9E1BA /* test_pillCapsule_dark_glass_long.1.png in Resources */,
				9C0C07D0407DFFE87AC8207B /* test_pillCapsule_dark_glass_medium.1.png in Resources */,
				63AAD3C36B1540416035DF87 /* test_pillCapsule_dark_glass_short.1.png in Resources */,
				0E1ED400DAB19D0443CAE01F /* test_pillCapsule_dark_solid.1.png in Resources */,
				74E545A752A7A45C44177B26 /* test_pillCapsule_dark_solid_long.1.png in Resources */,
				94093F04D3293988F4C88081 /* test_pillCapsule_dark_solid_medium.1.png in Resources */,
				D77661BC4CC4FE117BF91B60 /* test_pillCapsule_dark_solid_short.1.png in Resources */,
				E5FB96438974D93281E7E8D0 /* test_pillCapsule_light_glass.1.png in Resources */,
				B9A6775786653020EE4D7450 /* test_pillCapsule_light_glass_long.1.png in Resources */,
				AACAC0A692BE1CFE36D60696 /* test_pillCapsule_light_glass_medium.1.png in Resources */,
				8265E7C387EC589F1A3925FE /* test_pillCapsule_light_glass_short.1.png in Resources */,
				AF8E417F0CCAF785CC0A5022 /* test_pillCapsule_light_solid_long.1.png in Resources */,
				D3B7CACFEE15A23F86F2C8FD /* test_pillCapsule_light_solid_medium.1.png in Resources */,
				0204EA286084D7BFB7A0789A /* test_pillCapsule_light_solid_short.1.png in Resources */,
			);
			runOnlyForDeploymentPostprocessing = 0;
		};
		B531ED102022CE5928A1AAAD /* Resources */ = {
			isa = PBXResourcesBuildPhase;
			buildActionMask = 2147483647;
			files = (
				3346497B9984FD75FBD63970 /* Assets.xcassets in Resources */,
			);
			runOnlyForDeploymentPostprocessing = 0;
		};
/* End PBXResourcesBuildPhase section */

/* Begin PBXSourcesBuildPhase section */
		8455CDA24B24A0F986670354 /* Sources */ = {
			isa = PBXSourcesBuildPhase;
			buildActionMask = 2147483647;
			files = (
				BAF3ED9C872CBDB2DFB8C427 /* EffectiveClickThroughTests.swift in Sources */,
				A1B2C3D4E5F60718293A4C02 /* DragSnapTests.swift in Sources */,
				FC90294A4DA9F1AD35538393 /* ExtrapolatePositionTests.swift in Sources */,
				6931C8C1ABB9480A12F965C5 /* CantioTests.swift in Sources */,
				A0B85F0E3A0E9FAA96045C97 /* FlowLayoutTests.swift in Sources */,
				9A4FC4054D74B0D33186E616 /* FontSizeTests.swift in Sources */,
				5CA07FD6326D8DFA7858FB76 /* SettingsActivatorTests.swift in Sources */,
				6F527B7A6197D0061319EAE3 /* GlassStyleMigrationTests.swift in Sources */,
				679DE7F603F4964083085685 /* HotKeyTests.swift in Sources */,
				B959989D8719EEBE3335A154 /* LRCParserTests.swift in Sources */,
				EE9F46DDCB33E26BB4A85D22 /* LyricLineActiveIndexTests.swift in Sources */,
				49588CFB23F48E3F4A864F6B /* LyricPositionTests.swift in Sources */,
				AB3725683FA7FDD443FE3597 /* LyricsCacheTests.swift in Sources */,
				D530605B4566B8F42DE2FFCA /* LyricsContentViewSnapshotTests.swift in Sources */,
				80C062575D649579E61B47D3 /* LyricsServiceTests.swift in Sources */,
				111A37E082134E92E9EC76CA /* LyricsStoreTests.swift in Sources */,
				390505B104D9415DB1D1D702 /* MenuBarPanelSnapshotTests.swift in Sources */,
				B39BB5018B70E1099305A70B /* PillCapsuleShadowLeakTests.swift in Sources */,
				1B041E3D757AE138DD7C3030 /* PillCapsuleSnapshotTests.swift in Sources */,
				8A9208C7FCBDB832711C50E3 /* PlaybackControlTests.swift in Sources */,
				6CE9CDB5A7DB9C53EB47629B /* PreferencesMigrationTests.swift in Sources */,
				A960B696241B0065EB7E0288 /* SpotifyParserTests.swift in Sources */,
			);
			runOnlyForDeploymentPostprocessing = 0;
		};
		8C749470F473045D828C284F /* Sources */ = {
			isa = PBXSourcesBuildPhase;
			buildActionMask = 2147483647;
			files = (
				3596B5F02F8108C9FA111AF8 /* FloatingLyricsController.swift in Sources */,
				BB5160647676AE8D6147E8B2 /* FloatingLyricsWindow.swift in Sources */,
				A1B2C3D4E5F60718293A4B02 /* DragSnap.swift in Sources */,
				A1B2C3D4E5F60718293A4B04 /* DragGuideOverlay.swift in Sources */,
				108639FE94380676BB5724CC /* CantioApp.swift in Sources */,
				CBBD40EEF40E2BBD4F4A8932 /* CantioIcon.swift in Sources */,
				F0B032E65C99C56516B2CDB8 /* HotKey.swift in Sources */,
				5F17CA8C7FA28BAD3BF922E7 /* HotKeyManager.swift in Sources */,
				F58A3166D42C86D067ACFAB4 /* HotKeyRecorder.swift in Sources */,
				B23D490560F4C8E98F6E48E2 /* LRCParser.swift in Sources */,
				2FA55B2D61207510B6AD42BA /* Lyrics.swift in Sources */,
				4DE00B56601CEDCA7BCBA57C /* LyricsCache.swift in Sources */,
				26821024BDD609E21F32F98A /* LyricsContentView.swift in Sources */,
				AC4A77A2CB1A265C1EB34A9F /* LyricsService.swift in Sources */,
				887E027B6F8F09227B1A8C73 /* LyricsStore.swift in Sources */,
				2CAC4AC631AB37744165D5B4 /* MenuBarPanel.swift in Sources */,
				2CAC4AC631AB37744165D5B5 /* StatusBarPopover.swift in Sources */,
				1730A3996D6D3D10F7F0FDD2 /* NowPlaying.swift in Sources */,
				036EFBDB3F5F51D47521D0A3 /* Preferences.swift in Sources */,
				92FBFAA779DD23F7ABC6AF33 /* PreferencesView.swift in Sources */,
				63AB58355F8E0B4392B9DB67 /* SpotifyMonitor.swift in Sources */,
				2995884991ACCF28C8F81FB5 /* SpotifyPermission.swift in Sources */,
				8F4D540D465B710231A1EF0E /* Tokens.swift in Sources */,
				D05000E09B6F925E53C74D05 /* UpdateController.swift in Sources */,
			);
			runOnlyForDeploymentPostprocessing = 0;
		};
/* End PBXSourcesBuildPhase section */

/* Begin PBXTargetDependency section */
		F5C594C94BB8D5EB6F407F0C /* PBXTargetDependency */ = {
			isa = PBXTargetDependency;
			target = A7835E0A0B9ED2CA5C7A5281 /* Cantio */;
			targetProxy = 707F34FCBCA9BC10BBE531E7 /* PBXContainerItemProxy */;
		};
/* End PBXTargetDependency section */

/* Begin XCBuildConfiguration section */
		00B9D776878CA42345BDAB0F /* Debug */ = {
			isa = XCBuildConfiguration;
			buildSettings = {
				BUNDLE_LOADER = "$(TEST_HOST)";
				COMBINE_HIDPI_IMAGES = YES;
				GENERATE_INFOPLIST_FILE = YES;
				LD_RUNPATH_SEARCH_PATHS = (
					"$(inherited)",
					"@executable_path/../Frameworks",
					"@loader_path/../Frameworks",
				);
				MACOSX_DEPLOYMENT_TARGET = 14.0;
				PRODUCT_BUNDLE_IDENTIFIER = com.mayronalves.CantioTests;
				PRODUCT_NAME = CantioTests;
				SDKROOT = macosx;
				TEST_HOST = "$(BUILT_PRODUCTS_DIR)/Cantio.app/Contents/MacOS/Cantio";
			};
			name = Debug;
		};
		0FC8472A0EC5E0A1D2D4A6B9 /* Debug */ = {
			isa = XCBuildConfiguration;
			buildSettings = {
				ALWAYS_SEARCH_USER_PATHS = NO;
				ARCHS = "arm64 x86_64";
				CLANG_ANALYZER_NONNULL = YES;
				CLANG_ANALYZER_NUMBER_OBJECT_CONVERSION = YES_AGGRESSIVE;
				CLANG_CXX_LANGUAGE_STANDARD = "gnu++14";
				CLANG_CXX_LIBRARY = "libc++";
				CLANG_ENABLE_MODULES = YES;
				CLANG_ENABLE_OBJC_ARC = YES;
				CLANG_ENABLE_OBJC_WEAK = YES;
				CLANG_WARN_BLOCK_CAPTURE_AUTORELEASING = YES;
				CLANG_WARN_BOOL_CONVERSION = YES;
				CLANG_WARN_COMMA = YES;
				CLANG_WARN_CONSTANT_CONVERSION = YES;
				CLANG_WARN_DEPRECATED_OBJC_IMPLEMENTATIONS = YES;
				CLANG_WARN_DIRECT_OBJC_ISA_USAGE = YES_ERROR;
				CLANG_WARN_DOCUMENTATION_COMMENTS = YES;
				CLANG_WARN_EMPTY_BODY = YES;
				CLANG_WARN_ENUM_CONVERSION = YES;
				CLANG_WARN_INFINITE_RECURSION = YES;
				CLANG_WARN_INT_CONVERSION = YES;
				CLANG_WARN_NON_LITERAL_NULL_CONVERSION = YES;
				CLANG_WARN_OBJC_IMPLICIT_RETAIN_SELF = YES;
				CLANG_WARN_OBJC_LITERAL_CONVERSION = YES;
				CLANG_WARN_OBJC_ROOT_CLASS = YES_ERROR;
				CLANG_WARN_QUOTED_INCLUDE_IN_FRAMEWORK_HEADER = YES;
				CLANG_WARN_RANGE_LOOP_ANALYSIS = YES;
				CLANG_WARN_STRICT_PROTOTYPES = YES;
				CLANG_WARN_SUSPICIOUS_MOVE = YES;
				CLANG_WARN_UNGUARDED_AVAILABILITY = YES_AGGRESSIVE;
				CLANG_WARN_UNREACHABLE_CODE = YES;
				CLANG_WARN__DUPLICATE_METHOD_MATCH = YES;
				CODE_SIGN_IDENTITY = "-";
				CODE_SIGN_STYLE = Manual;
				COPY_PHASE_STRIP = NO;
				CURRENT_PROJECT_VERSION = 1;
				DEBUG_INFORMATION_FORMAT = dwarf;
				DEVELOPMENT_TEAM = "";
				ENABLE_STRICT_OBJC_MSGSEND = YES;
				ENABLE_TESTABILITY = YES;
				GCC_C_LANGUAGE_STANDARD = gnu11;
				GCC_DYNAMIC_NO_PIC = NO;
				GCC_NO_COMMON_BLOCKS = YES;
				GCC_OPTIMIZATION_LEVEL = 0;
				GCC_PREPROCESSOR_DEFINITIONS = (
					"$(inherited)",
					"DEBUG=1",
				);
				GCC_TREAT_WARNINGS_AS_ERRORS = NO;
				GCC_WARN_64_TO_32_BIT_CONVERSION = YES;
				GCC_WARN_ABOUT_RETURN_TYPE = YES_ERROR;
				GCC_WARN_UNDECLARED_SELECTOR = YES;
				GCC_WARN_UNINITIALIZED_AUTOS = YES_AGGRESSIVE;
				GCC_WARN_UNUSED_FUNCTION = YES;
				GCC_WARN_UNUSED_VARIABLE = YES;
				MACOSX_DEPLOYMENT_TARGET = 14.0;
				MARKETING_VERSION = 0.1.0;
				MTL_ENABLE_DEBUG_INFO = INCLUDE_SOURCE;
				MTL_FAST_MATH = YES;
				ONLY_ACTIVE_ARCH = YES;
				PRODUCT_NAME = "$(TARGET_NAME)";
				SDKROOT = macosx;
				SWIFT_ACTIVE_COMPILATION_CONDITIONS = DEBUG;
				SWIFT_OPTIMIZATION_LEVEL = "-Onone";
				SWIFT_TREAT_WARNINGS_AS_ERRORS = NO;
				SWIFT_VERSION = 5.9;
			};
			name = Debug;
		};
		42508A61E46A61C59309E8F1 /* Debug */ = {
			isa = XCBuildConfiguration;
			buildSettings = {
				ASSETCATALOG_COMPILER_APPICON_NAME = AppIcon;
				CODE_SIGN_ENTITLEMENTS = Cantio/Cantio.entitlements;
				COMBINE_HIDPI_IMAGES = YES;
				ENABLE_HARDENED_RUNTIME = YES;
				GENERATE_INFOPLIST_FILE = NO;
				INFOPLIST_FILE = Cantio/Info.plist;
				LD_RUNPATH_SEARCH_PATHS = (
					"$(inherited)",
					"@executable_path/../Frameworks",
				);
				MACOSX_DEPLOYMENT_TARGET = 14.0;
				PRODUCT_BUNDLE_IDENTIFIER = com.mayronalves.cantio;
				PRODUCT_MODULE_NAME = Cantio;
				PRODUCT_NAME = Cantio;
				SDKROOT = macosx;
			};
			name = Debug;
		};
		57C5D504866919633446CCB0 /* Release */ = {
			isa = XCBuildConfiguration;
			buildSettings = {
				BUNDLE_LOADER = "$(TEST_HOST)";
				COMBINE_HIDPI_IMAGES = YES;
				GENERATE_INFOPLIST_FILE = YES;
				LD_RUNPATH_SEARCH_PATHS = (
					"$(inherited)",
					"@executable_path/../Frameworks",
					"@loader_path/../Frameworks",
				);
				MACOSX_DEPLOYMENT_TARGET = 14.0;
				PRODUCT_BUNDLE_IDENTIFIER = com.mayronalves.CantioTests;
				PRODUCT_NAME = CantioTests;
				SDKROOT = macosx;
				TEST_HOST = "$(BUILT_PRODUCTS_DIR)/Cantio.app/Contents/MacOS/Cantio";
			};
			name = Release;
		};
		61C32D265541CE7542914A3E /* Release */ = {
			isa = XCBuildConfiguration;
			buildSettings = {
				ASSETCATALOG_COMPILER_APPICON_NAME = AppIcon;
				CODE_SIGN_ENTITLEMENTS = Cantio/Cantio.entitlements;
				COMBINE_HIDPI_IMAGES = YES;
				ENABLE_HARDENED_RUNTIME = YES;
				GENERATE_INFOPLIST_FILE = NO;
				INFOPLIST_FILE = Cantio/Info.plist;
				LD_RUNPATH_SEARCH_PATHS = (
					"$(inherited)",
					"@executable_path/../Frameworks",
				);
				MACOSX_DEPLOYMENT_TARGET = 14.0;
				PRODUCT_BUNDLE_IDENTIFIER = com.mayronalves.cantio;
				PRODUCT_MODULE_NAME = Cantio;
				PRODUCT_NAME = Cantio;
				SDKROOT = macosx;
			};
			name = Release;
		};
		AEED0D1D9599613C05A36283 /* Release */ = {
			isa = XCBuildConfiguration;
			buildSettings = {
				ALWAYS_SEARCH_USER_PATHS = NO;
				ARCHS = "arm64 x86_64";
				CLANG_ANALYZER_NONNULL = YES;
				CLANG_ANALYZER_NUMBER_OBJECT_CONVERSION = YES_AGGRESSIVE;
				CLANG_CXX_LANGUAGE_STANDARD = "gnu++14";
				CLANG_CXX_LIBRARY = "libc++";
				CLANG_ENABLE_MODULES = YES;
				CLANG_ENABLE_OBJC_ARC = YES;
				CLANG_ENABLE_OBJC_WEAK = YES;
				CLANG_WARN_BLOCK_CAPTURE_AUTORELEASING = YES;
				CLANG_WARN_BOOL_CONVERSION = YES;
				CLANG_WARN_COMMA = YES;
				CLANG_WARN_CONSTANT_CONVERSION = YES;
				CLANG_WARN_DEPRECATED_OBJC_IMPLEMENTATIONS = YES;
				CLANG_WARN_DIRECT_OBJC_ISA_USAGE = YES_ERROR;
				CLANG_WARN_DOCUMENTATION_COMMENTS = YES;
				CLANG_WARN_EMPTY_BODY = YES;
				CLANG_WARN_ENUM_CONVERSION = YES;
				CLANG_WARN_INFINITE_RECURSION = YES;
				CLANG_WARN_INT_CONVERSION = YES;
				CLANG_WARN_NON_LITERAL_NULL_CONVERSION = YES;
				CLANG_WARN_OBJC_IMPLICIT_RETAIN_SELF = YES;
				CLANG_WARN_OBJC_LITERAL_CONVERSION = YES;
				CLANG_WARN_OBJC_ROOT_CLASS = YES_ERROR;
				CLANG_WARN_QUOTED_INCLUDE_IN_FRAMEWORK_HEADER = YES;
				CLANG_WARN_RANGE_LOOP_ANALYSIS = YES;
				CLANG_WARN_STRICT_PROTOTYPES = YES;
				CLANG_WARN_SUSPICIOUS_MOVE = YES;
				CLANG_WARN_UNGUARDED_AVAILABILITY = YES_AGGRESSIVE;
				CLANG_WARN_UNREACHABLE_CODE = YES;
				CLANG_WARN__DUPLICATE_METHOD_MATCH = YES;
				CODE_SIGN_IDENTITY = "-";
				CODE_SIGN_STYLE = Manual;
				COPY_PHASE_STRIP = NO;
				CURRENT_PROJECT_VERSION = 1;
				DEBUG_INFORMATION_FORMAT = "dwarf-with-dsym";
				DEVELOPMENT_TEAM = "";
				ENABLE_NS_ASSERTIONS = NO;
				ENABLE_STRICT_OBJC_MSGSEND = YES;
				GCC_C_LANGUAGE_STANDARD = gnu11;
				GCC_NO_COMMON_BLOCKS = YES;
				GCC_TREAT_WARNINGS_AS_ERRORS = NO;
				GCC_WARN_64_TO_32_BIT_CONVERSION = YES;
				GCC_WARN_ABOUT_RETURN_TYPE = YES_ERROR;
				GCC_WARN_UNDECLARED_SELECTOR = YES;
				GCC_WARN_UNINITIALIZED_AUTOS = YES_AGGRESSIVE;
				GCC_WARN_UNUSED_FUNCTION = YES;
				GCC_WARN_UNUSED_VARIABLE = YES;
				MACOSX_DEPLOYMENT_TARGET = 14.0;
				MARKETING_VERSION = 0.1.0;
				MTL_ENABLE_DEBUG_INFO = NO;
				MTL_FAST_MATH = YES;
				ONLY_ACTIVE_ARCH = NO;
				PRODUCT_NAME = "$(TARGET_NAME)";
				SDKROOT = macosx;
				SWIFT_COMPILATION_MODE = wholemodule;
				SWIFT_OPTIMIZATION_LEVEL = "-O";
				SWIFT_TREAT_WARNINGS_AS_ERRORS = NO;
				SWIFT_VERSION = 5.9;
			};
			name = Release;
		};
/* End XCBuildConfiguration section */

/* Begin XCConfigurationList section */
		5A6A41AA457C05E5FB8B4DDF /* Build configuration list for PBXNativeTarget "Cantio" */ = {
			isa = XCConfigurationList;
			buildConfigurations = (
				42508A61E46A61C59309E8F1 /* Debug */,
				61C32D265541CE7542914A3E /* Release */,
			);
			defaultConfigurationIsVisible = 0;
			defaultConfigurationName = Debug;
		};
		7549E1172D81C03FB8B2B5CF /* Build configuration list for PBXNativeTarget "CantioTests" */ = {
			isa = XCConfigurationList;
			buildConfigurations = (
				00B9D776878CA42345BDAB0F /* Debug */,
				57C5D504866919633446CCB0 /* Release */,
			);
			defaultConfigurationIsVisible = 0;
			defaultConfigurationName = Debug;
		};
		FA62EFCC2BBF82EF49D04D4E /* Build configuration list for PBXProject "Cantio" */ = {
			isa = XCConfigurationList;
			buildConfigurations = (
				0FC8472A0EC5E0A1D2D4A6B9 /* Debug */,
				AEED0D1D9599613C05A36283 /* Release */,
			);
			defaultConfigurationIsVisible = 0;
			defaultConfigurationName = Debug;
		};
/* End XCConfigurationList section */

/* Begin XCRemoteSwiftPackageReference section */
		95DB7F13DD134C65F0DD76B7 /* XCRemoteSwiftPackageReference "swift-snapshot-testing" */ = {
			isa = XCRemoteSwiftPackageReference;
			repositoryURL = "https://github.com/pointfreeco/swift-snapshot-testing";
			requirement = {
				kind = upToNextMajorVersion;
				minimumVersion = 1.17.0;
			};
		};
		A92DD6AEE9E035127BC67684 /* XCRemoteSwiftPackageReference "Sparkle" */ = {
			isa = XCRemoteSwiftPackageReference;
			repositoryURL = "https://github.com/sparkle-project/Sparkle";
			requirement = {
				kind = upToNextMajorVersion;
				minimumVersion = 2.6.0;
			};
		};
/* End XCRemoteSwiftPackageReference section */

/* Begin XCSwiftPackageProductDependency section */
		738458AACD425100CC1B3CDA /* SnapshotTesting */ = {
			isa = XCSwiftPackageProductDependency;
			package = 95DB7F13DD134C65F0DD76B7 /* XCRemoteSwiftPackageReference "swift-snapshot-testing" */;
			productName = SnapshotTesting;
		};
		FDF12CD0693717979BC141B5 /* Sparkle */ = {
			isa = XCSwiftPackageProductDependency;
			package = A92DD6AEE9E035127BC67684 /* XCRemoteSwiftPackageReference "Sparkle" */;
			productName = Sparkle;
		};
/* End XCSwiftPackageProductDependency section */
	};
	rootObject = 05E9A42783B51D68FA0F618D /* Project object */;
}
